// !$*UTF8*$!
{
	archiveVersion = 1;
	classes = {
	};
	objectVersion = 56;
	objects = {

/* Begin PBXBuildFile section */
		0C79EE612A76DCD600EE90EA /* NftByIdRequest.swift in Sources */ = {isa = PBXBuildFile; fileRef = 0C79EE602A76DCD600EE90EA /* NftByIdRequest.swift */; };
		0C79EE662A76DDFF00EE90EA /* NftDetailViewController.swift in Sources */ = {isa = PBXBuildFile; fileRef = 0C79EE652A76DDFF00EE90EA /* NftDetailViewController.swift */; };
		0C79EE682A76DE0900EE90EA /* NftDetailPresenter.swift in Sources */ = {isa = PBXBuildFile; fileRef = 0C79EE672A76DE0900EE90EA /* NftDetailPresenter.swift */; };
		0C79EE6A2A76DE1000EE90EA /* NftDetailAssembly.swift in Sources */ = {isa = PBXBuildFile; fileRef = 0C79EE692A76DE1000EE90EA /* NftDetailAssembly.swift */; };
		0C79EE6C2A76DE2E00EE90EA /* ServicesAssemly.swift in Sources */ = {isa = PBXBuildFile; fileRef = 0C79EE6B2A76DE2E00EE90EA /* ServicesAssemly.swift */; };
		0CF2C2DB2A783C1B00FDC837 /* LoadingView.swift in Sources */ = {isa = PBXBuildFile; fileRef = 0CF2C2DA2A783C1B00FDC837 /* LoadingView.swift */; };
		0CF2C2DD2A783CE600FDC837 /* ErrorView.swift in Sources */ = {isa = PBXBuildFile; fileRef = 0CF2C2DC2A783CE600FDC837 /* ErrorView.swift */; };
		0CF2C2E12A784C7000FDC837 /* LinePageControl.swift in Sources */ = {isa = PBXBuildFile; fileRef = 0CF2C2E02A784C7000FDC837 /* LinePageControl.swift */; };
		0CFCB7402A78002A0009A829 /* ExamplePutService.swift in Sources */ = {isa = PBXBuildFile; fileRef = 0CFCB73F2A78002A0009A829 /* ExamplePutService.swift */; };
		0CFCB7422A78013E0009A829 /* Nft.swift in Sources */ = {isa = PBXBuildFile; fileRef = 0CFCB7412A78013E0009A829 /* Nft.swift */; };
		0CFCB7442A7802440009A829 /* NftDetailInput.swift in Sources */ = {isa = PBXBuildFile; fileRef = 0CFCB7432A7802440009A829 /* NftDetailInput.swift */; };
		0CFCB7462A78064B0009A829 /* NftDetailCellModel.swift in Sources */ = {isa = PBXBuildFile; fileRef = 0CFCB7452A78064B0009A829 /* NftDetailCellModel.swift */; };
		0CFCB7492A7808900009A829 /* CatalogViewController.swift in Sources */ = {isa = PBXBuildFile; fileRef = 0CFCB7482A7808900009A829 /* CatalogViewController.swift */; };
		0CFCB74B2A780EA80009A829 /* UIView+Constraints.swift in Sources */ = {isa = PBXBuildFile; fileRef = 0CFCB74A2A780EA80009A829 /* UIView+Constraints.swift */; };
		0CFCB74E2A7817DC0009A829 /* NftStorage.swift in Sources */ = {isa = PBXBuildFile; fileRef = 0CFCB74D2A7817DC0009A829 /* NftStorage.swift */; };
		3F478ECF29DB474E00F6D39E /* Colors.swift in Sources */ = {isa = PBXBuildFile; fileRef = 3F478ECE29DB474E00F6D39E /* Colors.swift */; };
		3F478ED129DB476500F6D39E /* Fonts.swift in Sources */ = {isa = PBXBuildFile; fileRef = 3F478ED029DB476500F6D39E /* Fonts.swift */; };
		3F68069729CBBAF100B4F915 /* AppDelegate.swift in Sources */ = {isa = PBXBuildFile; fileRef = 3F68069629CBBAF100B4F915 /* AppDelegate.swift */; };
		3F68069929CBBAF100B4F915 /* SceneDelegate.swift in Sources */ = {isa = PBXBuildFile; fileRef = 3F68069829CBBAF100B4F915 /* SceneDelegate.swift */; };
		3F68069B29CBBAF100B4F915 /* ProductDetailsTableViewController.swift in Sources */ = {isa = PBXBuildFile; fileRef = 3F68069A29CBBAF100B4F915 /* ProductDetailsTableViewController.swift */; };
		3F68069E29CBBAF100B4F915 /* Main.storyboard in Resources */ = {isa = PBXBuildFile; fileRef = 3F68069C29CBBAF100B4F915 /* Main.storyboard */; };
		3F6806A029CBBAF200B4F915 /* Assets.xcassets in Resources */ = {isa = PBXBuildFile; fileRef = 3F68069F29CBBAF200B4F915 /* Assets.xcassets */; };
		3F6806A329CBBAF200B4F915 /* LaunchScreen.storyboard in Resources */ = {isa = PBXBuildFile; fileRef = 3F6806A129CBBAF200B4F915 /* LaunchScreen.storyboard */; };
		3F6806AE29CBBAF200B4F915 /* ExampleUnitTests.swift in Sources */ = {isa = PBXBuildFile; fileRef = 3F6806AD29CBBAF200B4F915 /* ExampleUnitTests.swift */; };
		3F6806B829CBBAF200B4F915 /* FakeNFTUITests.swift in Sources */ = {isa = PBXBuildFile; fileRef = 3F6806B729CBBAF200B4F915 /* FakeNFTUITests.swift */; };
		3F6806D129CBBE6B00B4F915 /* NetworkClient.swift in Sources */ = {isa = PBXBuildFile; fileRef = 3F6806D029CBBE6B00B4F915 /* NetworkClient.swift */; };
		3F6806D329CBBE9600B4F915 /* NetworkRequest.swift in Sources */ = {isa = PBXBuildFile; fileRef = 3F6806D229CBBE9600B4F915 /* NetworkRequest.swift */; };
		3F6806D529CBBEC700B4F915 /* NetworkTask.swift in Sources */ = {isa = PBXBuildFile; fileRef = 3F6806D429CBBEC700B4F915 /* NetworkTask.swift */; };
		3F6806D729CBC50A00B4F915 /* CellsReusingUtils.swift in Sources */ = {isa = PBXBuildFile; fileRef = 3F6806D629CBC50A00B4F915 /* CellsReusingUtils.swift */; };
		3FC8C38B29D242E90081F015 /* ProductDetailsTableViewCell.swift in Sources */ = {isa = PBXBuildFile; fileRef = 3FC8C38A29D242E90081F015 /* ProductDetailsTableViewCell.swift */; };
		3FC8C39129D2453B0081F015 /* ExamplePutRequest.swift in Sources */ = {isa = PBXBuildFile; fileRef = 3FC8C39029D2453B0081F015 /* ExamplePutRequest.swift */; };
		3FC8C39329D246BA0081F015 /* DateFormatters+Presets.swift in Sources */ = {isa = PBXBuildFile; fileRef = 3FC8C39229D246BA0081F015 /* DateFormatters+Presets.swift */; };
		558E39E72C68CE0A00FB86AC /* NftService.swift in Sources */ = {isa = PBXBuildFile; fileRef = 558E39E62C68CE0900FB86AC /* NftService.swift */; };
		C05B44F72ED176C4008BE8CB /* CatalogPresenter.swift in Sources */ = {isa = PBXBuildFile; fileRef = C05B44F62ED176BD008BE8CB /* CatalogPresenter.swift */; };
		C05B44F92ED176E0008BE8CB /* TableCell.swift in Sources */ = {isa = PBXBuildFile; fileRef = C05B44F82ED176D8008BE8CB /* TableCell.swift */; };
		C05B44FB2ED176F8008BE8CB /* CatalogViewProtocol.swift in Sources */ = {isa = PBXBuildFile; fileRef = C05B44FA2ED176EE008BE8CB /* CatalogViewProtocol.swift */; };
		C05B44FD2ED1770E008BE8CB /* NFTCollection.swift in Sources */ = {isa = PBXBuildFile; fileRef = C05B44FC2ED17705008BE8CB /* NFTCollection.swift */; };
		C05B44FF2ED17B27008BE8CB /* NFTItem.swift in Sources */ = {isa = PBXBuildFile; fileRef = C05B44FE2ED17B15008BE8CB /* NFTItem.swift */; };
		C05B45012ED17B5E008BE8CB /* AuthorModel.swift in Sources */ = {isa = PBXBuildFile; fileRef = C05B45002ED17B5B008BE8CB /* AuthorModel.swift */; };
		C05B45032ED1AAB3008BE8CB /* CollectionsRequest.swift in Sources */ = {isa = PBXBuildFile; fileRef = C05B45022ED1AAAF008BE8CB /* CollectionsRequest.swift */; };
		C05B45052ED1AE2F008BE8CB /* CollectionResponse.swift in Sources */ = {isa = PBXBuildFile; fileRef = C05B45042ED1AE2C008BE8CB /* CollectionResponse.swift */; };
		C05B45072ED1AF40008BE8CB /* CollectionsService.swift in Sources */ = {isa = PBXBuildFile; fileRef = C05B45062ED1AF3E008BE8CB /* CollectionsService.swift */; };
		C05B450A2ED4A6B3008BE8CB /* CatalogUserDefaultsKeys.swift in Sources */ = {isa = PBXBuildFile; fileRef = C05B45092ED4A6B1008BE8CB /* CatalogUserDefaultsKeys.swift */; };
		C05B450C2EDAF7CA008BE8CB /* CollectionViewController.swift in Sources */ = {isa = PBXBuildFile; fileRef = C05B450B2EDAF7B7008BE8CB /* CollectionViewController.swift */; };
		C05B45122EDAFFAE008BE8CB /* CollectionViewProtocol.swift in Sources */ = {isa = PBXBuildFile; fileRef = C05B45112EDAFFA9008BE8CB /* CollectionViewProtocol.swift */; };
		C05B45142EDB010F008BE8CB /* CollectionInput.swift in Sources */ = {isa = PBXBuildFile; fileRef = C05B45132EDB010D008BE8CB /* CollectionInput.swift */; };
		C05B45162EDB0160008BE8CB /* CollectionPresenter.swift in Sources */ = {isa = PBXBuildFile; fileRef = C05B45152EDB0154008BE8CB /* CollectionPresenter.swift */; };
		C05B45182EDB0214008BE8CB /* CollectionAssembly.swift in Sources */ = {isa = PBXBuildFile; fileRef = C05B45172EDB020A008BE8CB /* CollectionAssembly.swift */; };
		C05B451A2EDB5BA8008BE8CB /* CollectionCell.swift in Sources */ = {isa = PBXBuildFile; fileRef = C05B45192EDB5B99008BE8CB /* CollectionCell.swift */; };
		C05B451C2EDC8BAB008BE8CB /* CollectionByIdRequest.swift in Sources */ = {isa = PBXBuildFile; fileRef = C05B451B2EDC8BA8008BE8CB /* CollectionByIdRequest.swift */; };
		C05B45202EDC8DEB008BE8CB /* CollectionDetailResponse.swift in Sources */ = {isa = PBXBuildFile; fileRef = C05B451F2EDC8DE9008BE8CB /* CollectionDetailResponse.swift */; };
		C05B45222EDDE718008BE8CB /* ProfileResponse.swift in Sources */ = {isa = PBXBuildFile; fileRef = C05B45212EDDE716008BE8CB /* ProfileResponse.swift */; };
		C05B45242EDDE769008BE8CB /* ProfileRequest.swift in Sources */ = {isa = PBXBuildFile; fileRef = C05B45232EDDE767008BE8CB /* ProfileRequest.swift */; };
		C05B45262EDDE79A008BE8CB /* ProfileService.swift in Sources */ = {isa = PBXBuildFile; fileRef = C05B45252EDDE798008BE8CB /* ProfileService.swift */; };
		C05B45282EDDEEAA008BE8CB /* UpdateProfileDto.swift in Sources */ = {isa = PBXBuildFile; fileRef = C05B45272EDDEEA6008BE8CB /* UpdateProfileDto.swift */; };
		C05B452A2EDDEF1A008BE8CB /* UpdateProfileRequest.swift in Sources */ = {isa = PBXBuildFile; fileRef = C05B45292EDDEF0B008BE8CB /* UpdateProfileRequest.swift */; };
		C05B452C2EDF3C94008BE8CB /* OrderResponse.swift in Sources */ = {isa = PBXBuildFile; fileRef = C05B452B2EDF3C91008BE8CB /* OrderResponse.swift */; };
		C05B452E2EDF3D06008BE8CB /* OrderRequest.swift in Sources */ = {isa = PBXBuildFile; fileRef = C05B452D2EDF3CFA008BE8CB /* OrderRequest.swift */; };
		C05B45302EDF3D54008BE8CB /* UpdateOrderDto.swift in Sources */ = {isa = PBXBuildFile; fileRef = C05B452F2EDF3D51008BE8CB /* UpdateOrderDto.swift */; };
		C05B45322EDF3DB0008BE8CB /* UpdateOrderRequest.swift in Sources */ = {isa = PBXBuildFile; fileRef = C05B45312EDF3DAD008BE8CB /* UpdateOrderRequest.swift */; };
		C05B45342EDF3DF3008BE8CB /* OrderService.swift in Sources */ = {isa = PBXBuildFile; fileRef = C05B45332EDF3DF2008BE8CB /* OrderService.swift */; };
		C05B45372EE57FCE008BE8CB /* SplashViewController.swift in Sources */ = {isa = PBXBuildFile; fileRef = C05B45362EE57FCC008BE8CB /* SplashViewController.swift */; };
		C05B45392EE59E39008BE8CB /* NFTCardInput.swift in Sources */ = {isa = PBXBuildFile; fileRef = C05B45382EE59E35008BE8CB /* NFTCardInput.swift */; };
		C05B453C2EE59E6F008BE8CB /* NFTCardViewProtocol.swift in Sources */ = {isa = PBXBuildFile; fileRef = C05B453B2EE59E6C008BE8CB /* NFTCardViewProtocol.swift */; };
		C05B453E2EE59F06008BE8CB /* NFTCardPresenter.swift in Sources */ = {isa = PBXBuildFile; fileRef = C05B453D2EE59F04008BE8CB /* NFTCardPresenter.swift */; };
		C05B45402EE59FA6008BE8CB /* NFTCardViewController.swift in Sources */ = {isa = PBXBuildFile; fileRef = C05B453F2EE59FA2008BE8CB /* NFTCardViewController.swift */; };
		C05B45422EE59FD9008BE8CB /* NFTCardAssembly.swift in Sources */ = {isa = PBXBuildFile; fileRef = C05B45412EE59FD7008BE8CB /* NFTCardAssembly.swift */; };
		C05B45442EE5DB06008BE8CB /* CurrencyCell.swift in Sources */ = {isa = PBXBuildFile; fileRef = C05B45432EE5DB02008BE8CB /* CurrencyCell.swift */; };
		C05B45462EE88112008BE8CB /* UIImage+Rating.swift in Sources */ = {isa = PBXBuildFile; fileRef = C05B45452EE88110008BE8CB /* UIImage+Rating.swift */; };
		C05B45482EE883F2008BE8CB /* CurrencyResponse.swift in Sources */ = {isa = PBXBuildFile; fileRef = C05B45472EE883F0008BE8CB /* CurrencyResponse.swift */; };
		C05B454A2EE88415008BE8CB /* Currency.swift in Sources */ = {isa = PBXBuildFile; fileRef = C05B45492EE88412008BE8CB /* Currency.swift */; };
		C05B454C2EE88436008BE8CB /* CurrencyRequest.swift in Sources */ = {isa = PBXBuildFile; fileRef = C05B454B2EE88433008BE8CB /* CurrencyRequest.swift */; };
		C05B454E2EE88459008BE8CB /* CurrencyService.swift in Sources */ = {isa = PBXBuildFile; fileRef = C05B454D2EE88455008BE8CB /* CurrencyService.swift */; };
		C05B45522EE9DD9E008BE8CB /* CurrencyID.swift in Sources */ = {isa = PBXBuildFile; fileRef = C05B45512EE9DD91008BE8CB /* CurrencyID.swift */; };
		C05B45712EEBD519008BE8CB /* CollectionRouter.swift in Sources */ = {isa = PBXBuildFile; fileRef = C05B45702EEBD50C008BE8CB /* CollectionRouter.swift */; };
		C05B45732EEBD7AC008BE8CB /* NFTSelectionData.swift in Sources */ = {isa = PBXBuildFile; fileRef = C05B45722EEBD7AB008BE8CB /* NFTSelectionData.swift */; };
		C05B45752EEBDC0B008BE8CB /* AppURLs.swift in Sources */ = {isa = PBXBuildFile; fileRef = C05B45742EEBDC09008BE8CB /* AppURLs.swift */; };
		E19CD5AB2A98B56600CA39A5 /* NftImageCollectionViewCell.swift in Sources */ = {isa = PBXBuildFile; fileRef = E19CD5AA2A98B56600CA39A5 /* NftImageCollectionViewCell.swift */; };
		E1A1B9DA2AA01CE400C3AFBC /* TabBarController.swift in Sources */ = {isa = PBXBuildFile; fileRef = E1A1B9D92AA01CE400C3AFBC /* TabBarController.swift */; };
		E1CD40DC2A96BECC00BE7FE8 /* Localizable.strings in Resources */ = {isa = PBXBuildFile; fileRef = E1CD40DB2A96BECC00BE7FE8 /* Localizable.strings */; };
		F4763DC02EF09DEC007F7C8F /* RequestConstants.swift in Sources */ = {isa = PBXBuildFile; fileRef = F4763DBF2EF09DEC007F7C8F /* RequestConstants.swift */; };
		F4763DC22EF0A088007F7C8F /* ProfileViewColors.swift in Sources */ = {isa = PBXBuildFile; fileRef = F4763DC12EF0A088007F7C8F /* ProfileViewColors.swift */; };
		F4763DCC2EF0A206007F7C8F /* NFTModel.swift in Sources */ = {isa = PBXBuildFile; fileRef = F4763DC42EF0A206007F7C8F /* NFTModel.swift */; };
		F4763DCD2EF0A206007F7C8F /* RuntimeError.swift in Sources */ = {isa = PBXBuildFile; fileRef = F4763DC62EF0A206007F7C8F /* RuntimeError.swift */; };
		F4763DCE2EF0A206007F7C8F /* ProfileCellModel.swift in Sources */ = {isa = PBXBuildFile; fileRef = F4763DC72EF0A206007F7C8F /* ProfileCellModel.swift */; };
		F4763DCF2EF0A206007F7C8F /* UserNFTCollectionSortField.swift in Sources */ = {isa = PBXBuildFile; fileRef = F4763DC92EF0A206007F7C8F /* UserNFTCollectionSortField.swift */; };
		F4763DD02EF0A206007F7C8F /* AppDataSourceType.swift in Sources */ = {isa = PBXBuildFile; fileRef = F4763DCA2EF0A206007F7C8F /* AppDataSourceType.swift */; };
		F4763DD12EF0A206007F7C8F /* ProfileModel.swift in Sources */ = {isa = PBXBuildFile; fileRef = F4763DCB2EF0A206007F7C8F /* ProfileModel.swift */; };
		F4763DF22EF0A2C9007F7C8F /* ProfileSceneConstants.swift in Sources */ = {isa = PBXBuildFile; fileRef = F4763DD42EF0A2C9007F7C8F /* ProfileSceneConstants.swift */; };
		F4763DF32EF0A2C9007F7C8F /* WebViewViewController.swift in Sources */ = {isa = PBXBuildFile; fileRef = F4763DD62EF0A2C9007F7C8F /* WebViewViewController.swift */; };
		F4763DF42EF0A2C9007F7C8F /* UIImage+Extensions.swift in Sources */ = {isa = PBXBuildFile; fileRef = F4763DD82EF0A2C9007F7C8F /* UIImage+Extensions.swift */; };
		F4763DF52EF0A2C9007F7C8F /* UITextField+Extensions.swift in Sources */ = {isa = PBXBuildFile; fileRef = F4763DD92EF0A2C9007F7C8F /* UITextField+Extensions.swift */; };
		F4763DF62EF0A2C9007F7C8F /* EditProfileViewController.swift in Sources */ = {isa = PBXBuildFile; fileRef = F4763DDC2EF0A2C9007F7C8F /* EditProfileViewController.swift */; };
		F4763DF72EF0A2C9007F7C8F /* EditProfileViewController+ProfileViewProtocol.swift in Sources */ = {isa = PBXBuildFile; fileRef = F4763DDD2EF0A2C9007F7C8F /* EditProfileViewController+ProfileViewProtocol.swift */; };
		F4763DF82EF0A2C9007F7C8F /* ProfilePresenter.swift in Sources */ = {isa = PBXBuildFile; fileRef = F4763DDE2EF0A2C9007F7C8F /* ProfilePresenter.swift */; };
		F4763DF92EF0A2C9007F7C8F /* ProfileViewController+ProfileViewProtocol.swift in Sources */ = {isa = PBXBuildFile; fileRef = F4763DE02EF0A2C9007F7C8F /* ProfileViewController+ProfileViewProtocol.swift */; };
		F4763DFA2EF0A2C9007F7C8F /* ProfileViewController.swift in Sources */ = {isa = PBXBuildFile; fileRef = F4763DE12EF0A2C9007F7C8F /* ProfileViewController.swift */; };
		F4763DFB2EF0A2C9007F7C8F /* ProfileTableViewCell.swift in Sources */ = {isa = PBXBuildFile; fileRef = F4763DE22EF0A2C9007F7C8F /* ProfileTableViewCell.swift */; };
		F4763DFC2EF0A2C9007F7C8F /* MyNftViewController+NFTViewProtocol.swift in Sources */ = {isa = PBXBuildFile; fileRef = F4763DE52EF0A2C9007F7C8F /* MyNftViewController+NFTViewProtocol.swift */; };
		F4763DFD2EF0A2C9007F7C8F /* MyNftViewController.swift in Sources */ = {isa = PBXBuildFile; fileRef = F4763DE62EF0A2C9007F7C8F /* MyNftViewController.swift */; };
		F4763DFE2EF0A2C9007F7C8F /* MyNftTableViewCell.swift in Sources */ = {isa = PBXBuildFile; fileRef = F4763DE72EF0A2C9007F7C8F /* MyNftTableViewCell.swift */; };
		F4763DFF2EF0A2C9007F7C8F /* FavoriteNftsViewController.swift in Sources */ = {isa = PBXBuildFile; fileRef = F4763DE92EF0A2C9007F7C8F /* FavoriteNftsViewController.swift */; };
		F4763E002EF0A2C9007F7C8F /* FavoriteNftsCollectionViewCell.swift in Sources */ = {isa = PBXBuildFile; fileRef = F4763DEA2EF0A2C9007F7C8F /* FavoriteNftsCollectionViewCell.swift */; };
		F4763E012EF0A2C9007F7C8F /* FavoriteNftsCollectionView+NFTViewProtocol.swift in Sources */ = {isa = PBXBuildFile; fileRef = F4763DEB2EF0A2C9007F7C8F /* FavoriteNftsCollectionView+NFTViewProtocol.swift */; };
		F4763E022EF0A2C9007F7C8F /* NFTPresenter.swift in Sources */ = {isa = PBXBuildFile; fileRef = F4763DEC2EF0A2C9007F7C8F /* NFTPresenter.swift */; };
		F4763E032EF0A2C9007F7C8F /* NFTViewProtocol.swift in Sources */ = {isa = PBXBuildFile; fileRef = F4763DEE2EF0A2C9007F7C8F /* NFTViewProtocol.swift */; };
		F4763E042EF0A2C9007F7C8F /* ProfileViewProtocol.swift in Sources */ = {isa = PBXBuildFile; fileRef = F4763DEF2EF0A2C9007F7C8F /* ProfileViewProtocol.swift */; };
		F4763E052EF0A2C9007F7C8F /* ProfilePresenterProtocol.swift in Sources */ = {isa = PBXBuildFile; fileRef = F4763DF02EF0A2C9007F7C8F /* ProfilePresenterProtocol.swift */; };
		F4763E062EF0A2C9007F7C8F /* NFTPresenterProtocol.swift in Sources */ = {isa = PBXBuildFile; fileRef = F4763DF12EF0A2C9007F7C8F /* NFTPresenterProtocol.swift */; };
		F4763E1C2EF0A377007F7C8F /* FakeNFTMockDataBackendService.swift in Sources */ = {isa = PBXBuildFile; fileRef = F4763E092EF0A377007F7C8F /* FakeNFTMockDataBackendService.swift */; };
		F4763E1D2EF0A377007F7C8F /* FakeNFTUserDefaultsKeeperService.swift in Sources */ = {isa = PBXBuildFile; fileRef = F4763E0A2EF0A377007F7C8F /* FakeNFTUserDefaultsKeeperService.swift */; };
		F4763E1E2EF0A377007F7C8F /* FakeNFTMockData.swift in Sources */ = {isa = PBXBuildFile; fileRef = F4763E0B2EF0A377007F7C8F /* FakeNFTMockData.swift */; };
		F4763E1F2EF0A377007F7C8F /* SaveProfileDto.swift in Sources */ = {isa = PBXBuildFile; fileRef = F4763E0D2EF0A377007F7C8F /* SaveProfileDto.swift */; };
		F4763E212EF0A377007F7C8F /* ProfilePutResponse.swift in Sources */ = {isa = PBXBuildFile; fileRef = F4763E0F2EF0A377007F7C8F /* ProfilePutResponse.swift */; };
		F4763E242EF0A377007F7C8F /* ProfileStorage.swift in Sources */ = {isa = PBXBuildFile; fileRef = F4763E122EF0A377007F7C8F /* ProfileStorage.swift */; };
		F4763E252EF0A377007F7C8F /* ProfilePutRequest.swift in Sources */ = {isa = PBXBuildFile; fileRef = F4763E132EF0A377007F7C8F /* ProfilePutRequest.swift */; };
		F4763E262EF0A377007F7C8F /* FakeNFTModelServiceAgent.swift in Sources */ = {isa = PBXBuildFile; fileRef = F4763E152EF0A377007F7C8F /* FakeNFTModelServiceAgent.swift */; };
		F4763E272EF0A377007F7C8F /* FakeNFTModelServiceAgentProtocol.swift in Sources */ = {isa = PBXBuildFile; fileRef = F4763E162EF0A377007F7C8F /* FakeNFTModelServiceAgentProtocol.swift */; };
		F4763E282EF0A377007F7C8F /* FakeNFTMockDataServiceAgent.swift in Sources */ = {isa = PBXBuildFile; fileRef = F4763E172EF0A377007F7C8F /* FakeNFTMockDataServiceAgent.swift */; };
		F4763E292EF0A377007F7C8F /* FakeNFTModelServicesNotifications.swift in Sources */ = {isa = PBXBuildFile; fileRef = F4763E182EF0A377007F7C8F /* FakeNFTModelServicesNotifications.swift */; };
		F4763E2A2EF0A377007F7C8F /* ProfileDto.swift in Sources */ = {isa = PBXBuildFile; fileRef = F4763E1A2EF0A377007F7C8F /* ProfileDto.swift */; };
		F4763E2B2EF0A377007F7C8F /* NFTDto.swift in Sources */ = {isa = PBXBuildFile; fileRef = F4763E1B2EF0A377007F7C8F /* NFTDto.swift */; };
		F4763E312EF0A3B7007F7C8F /* FakeNFTUserDefaultsKeeperProtocol.swift in Sources */ = {isa = PBXBuildFile; fileRef = F4763E2D2EF0A3B7007F7C8F /* FakeNFTUserDefaultsKeeperProtocol.swift */; };
		F4763E322EF0A3B7007F7C8F /* FakeNFTModelServiceProtocol.swift in Sources */ = {isa = PBXBuildFile; fileRef = F4763E2E2EF0A3B7007F7C8F /* FakeNFTModelServiceProtocol.swift */; };
		F4763E332EF0A3B7007F7C8F /* FakeNFTModelTestsHelperMethodsProtocol.swift in Sources */ = {isa = PBXBuildFile; fileRef = F4763E2F2EF0A3B7007F7C8F /* FakeNFTModelTestsHelperMethodsProtocol.swift */; };
		F4763E342EF0A3B7007F7C8F /* FakeNFTBackendServiceProtocol.swift in Sources */ = {isa = PBXBuildFile; fileRef = F4763E302EF0A3B7007F7C8F /* FakeNFTBackendServiceProtocol.swift */; };
		F4E985132EF0AC75008A90E4 /* ProgressHUD in Frameworks */ = {isa = PBXBuildFile; productRef = F4E985122EF0AC75008A90E4 /* ProgressHUD */; };
		F4E985162EF0AC9C008A90E4 /* Kingfisher in Frameworks */ = {isa = PBXBuildFile; productRef = F4E985152EF0AC9C008A90E4 /* Kingfisher */; };
/* End PBXBuildFile section */

/* Begin PBXContainerItemProxy section */
		3F6806AA29CBBAF200B4F915 /* PBXContainerItemProxy */ = {
			isa = PBXContainerItemProxy;
			containerPortal = 3F68068B29CBBAF100B4F915 /* Project object */;
			proxyType = 1;
			remoteGlobalIDString = 3F68069229CBBAF100B4F915;
			remoteInfo = FakeNFT;
		};
		3F6806B429CBBAF200B4F915 /* PBXContainerItemProxy */ = {
			isa = PBXContainerItemProxy;
			containerPortal = 3F68068B29CBBAF100B4F915 /* Project object */;
			proxyType = 1;
			remoteGlobalIDString = 3F68069229CBBAF100B4F915;
			remoteInfo = FakeNFT;
		};
/* End PBXContainerItemProxy section */

/* Begin PBXFileReference section */
		0C79EE602A76DCD600EE90EA /* NftByIdRequest.swift */ = {isa = PBXFileReference; lastKnownFileType = sourcecode.swift; path = NftByIdRequest.swift; sourceTree = "<group>"; };
		0C79EE652A76DDFF00EE90EA /* NftDetailViewController.swift */ = {isa = PBXFileReference; lastKnownFileType = sourcecode.swift; path = NftDetailViewController.swift; sourceTree = "<group>"; };
		0C79EE672A76DE0900EE90EA /* NftDetailPresenter.swift */ = {isa = PBXFileReference; lastKnownFileType = sourcecode.swift; path = NftDetailPresenter.swift; sourceTree = "<group>"; };
		0C79EE692A76DE1000EE90EA /* NftDetailAssembly.swift */ = {isa = PBXFileReference; lastKnownFileType = sourcecode.swift; path = NftDetailAssembly.swift; sourceTree = "<group>"; };
		0C79EE6B2A76DE2E00EE90EA /* ServicesAssemly.swift */ = {isa = PBXFileReference; lastKnownFileType = sourcecode.swift; path = ServicesAssemly.swift; sourceTree = "<group>"; };
		0CF2C2DA2A783C1B00FDC837 /* LoadingView.swift */ = {isa = PBXFileReference; lastKnownFileType = sourcecode.swift; path = LoadingView.swift; sourceTree = "<group>"; };
		0CF2C2DC2A783CE600FDC837 /* ErrorView.swift */ = {isa = PBXFileReference; lastKnownFileType = sourcecode.swift; path = ErrorView.swift; sourceTree = "<group>"; };
		0CF2C2E02A784C7000FDC837 /* LinePageControl.swift */ = {isa = PBXFileReference; lastKnownFileType = sourcecode.swift; path = LinePageControl.swift; sourceTree = "<group>"; };
		0CFCB73F2A78002A0009A829 /* ExamplePutService.swift */ = {isa = PBXFileReference; lastKnownFileType = sourcecode.swift; path = ExamplePutService.swift; sourceTree = "<group>"; };
		0CFCB7412A78013E0009A829 /* Nft.swift */ = {isa = PBXFileReference; lastKnownFileType = sourcecode.swift; path = Nft.swift; sourceTree = "<group>"; };
		0CFCB7432A7802440009A829 /* NftDetailInput.swift */ = {isa = PBXFileReference; lastKnownFileType = sourcecode.swift; path = NftDetailInput.swift; sourceTree = "<group>"; };
		0CFCB7452A78064B0009A829 /* NftDetailCellModel.swift */ = {isa = PBXFileReference; lastKnownFileType = sourcecode.swift; path = NftDetailCellModel.swift; sourceTree = "<group>"; };
		0CFCB7482A7808900009A829 /* CatalogViewController.swift */ = {isa = PBXFileReference; lastKnownFileType = sourcecode.swift; path = CatalogViewController.swift; sourceTree = "<group>"; };
		0CFCB74A2A780EA80009A829 /* UIView+Constraints.swift */ = {isa = PBXFileReference; lastKnownFileType = sourcecode.swift; path = "UIView+Constraints.swift"; sourceTree = "<group>"; };
		0CFCB74D2A7817DC0009A829 /* NftStorage.swift */ = {isa = PBXFileReference; lastKnownFileType = sourcecode.swift; path = NftStorage.swift; sourceTree = "<group>"; };
		3F478ECE29DB474E00F6D39E /* Colors.swift */ = {isa = PBXFileReference; lastKnownFileType = sourcecode.swift; path = Colors.swift; sourceTree = "<group>"; };
		3F478ED029DB476500F6D39E /* Fonts.swift */ = {isa = PBXFileReference; lastKnownFileType = sourcecode.swift; path = Fonts.swift; sourceTree = "<group>"; };
		3F68069329CBBAF100B4F915 /* FakeNFT.app */ = {isa = PBXFileReference; explicitFileType = wrapper.application; includeInIndex = 0; path = FakeNFT.app; sourceTree = BUILT_PRODUCTS_DIR; };
		3F68069629CBBAF100B4F915 /* AppDelegate.swift */ = {isa = PBXFileReference; lastKnownFileType = sourcecode.swift; path = AppDelegate.swift; sourceTree = "<group>"; };
		3F68069829CBBAF100B4F915 /* SceneDelegate.swift */ = {isa = PBXFileReference; lastKnownFileType = sourcecode.swift; path = SceneDelegate.swift; sourceTree = "<group>"; };
		3F68069A29CBBAF100B4F915 /* ProductDetailsTableViewController.swift */ = {isa = PBXFileReference; lastKnownFileType = sourcecode.swift; path = ProductDetailsTableViewController.swift; sourceTree = "<group>"; };
		3F68069D29CBBAF100B4F915 /* Base */ = {isa = PBXFileReference; lastKnownFileType = file.storyboard; name = Base; path = Base.lproj/Main.storyboard; sourceTree = "<group>"; };
		3F68069F29CBBAF200B4F915 /* Assets.xcassets */ = {isa = PBXFileReference; lastKnownFileType = folder.assetcatalog; path = Assets.xcassets; sourceTree = "<group>"; };
		3F6806A229CBBAF200B4F915 /* Base */ = {isa = PBXFileReference; lastKnownFileType = file.storyboard; name = Base; path = Base.lproj/LaunchScreen.storyboard; sourceTree = "<group>"; };
		3F6806A429CBBAF200B4F915 /* Info.plist */ = {isa = PBXFileReference; lastKnownFileType = text.plist.xml; path = Info.plist; sourceTree = "<group>"; };
		3F6806A929CBBAF200B4F915 /* FakeNFTTests.xctest */ = {isa = PBXFileReference; explicitFileType = wrapper.cfbundle; includeInIndex = 0; path = FakeNFTTests.xctest; sourceTree = BUILT_PRODUCTS_DIR; };
		3F6806AD29CBBAF200B4F915 /* ExampleUnitTests.swift */ = {isa = PBXFileReference; lastKnownFileType = sourcecode.swift; path = ExampleUnitTests.swift; sourceTree = "<group>"; };
		3F6806B329CBBAF200B4F915 /* FakeNFTUITests.xctest */ = {isa = PBXFileReference; explicitFileType = wrapper.cfbundle; includeInIndex = 0; path = FakeNFTUITests.xctest; sourceTree = BUILT_PRODUCTS_DIR; };
		3F6806B729CBBAF200B4F915 /* FakeNFTUITests.swift */ = {isa = PBXFileReference; lastKnownFileType = sourcecode.swift; path = FakeNFTUITests.swift; sourceTree = "<group>"; };
		3F6806D029CBBE6B00B4F915 /* NetworkClient.swift */ = {isa = PBXFileReference; lastKnownFileType = sourcecode.swift; path = NetworkClient.swift; sourceTree = "<group>"; };
		3F6806D229CBBE9600B4F915 /* NetworkRequest.swift */ = {isa = PBXFileReference; lastKnownFileType = sourcecode.swift; path = NetworkRequest.swift; sourceTree = "<group>"; };
		3F6806D429CBBEC700B4F915 /* NetworkTask.swift */ = {isa = PBXFileReference; lastKnownFileType = sourcecode.swift; path = NetworkTask.swift; sourceTree = "<group>"; };
		3F6806D629CBC50A00B4F915 /* CellsReusingUtils.swift */ = {isa = PBXFileReference; lastKnownFileType = sourcecode.swift; path = CellsReusingUtils.swift; sourceTree = "<group>"; };
		3FC8C38A29D242E90081F015 /* ProductDetailsTableViewCell.swift */ = {isa = PBXFileReference; lastKnownFileType = sourcecode.swift; path = ProductDetailsTableViewCell.swift; sourceTree = "<group>"; };
		3FC8C39029D2453B0081F015 /* ExamplePutRequest.swift */ = {isa = PBXFileReference; lastKnownFileType = sourcecode.swift; path = ExamplePutRequest.swift; sourceTree = "<group>"; };
		3FC8C39229D246BA0081F015 /* DateFormatters+Presets.swift */ = {isa = PBXFileReference; lastKnownFileType = sourcecode.swift; path = "DateFormatters+Presets.swift"; sourceTree = "<group>"; };
		558E39E62C68CE0900FB86AC /* NftService.swift */ = {isa = PBXFileReference; lastKnownFileType = sourcecode.swift; path = NftService.swift; sourceTree = "<group>"; };
		C05B44F62ED176BD008BE8CB /* CatalogPresenter.swift */ = {isa = PBXFileReference; lastKnownFileType = sourcecode.swift; path = CatalogPresenter.swift; sourceTree = "<group>"; };
		C05B44F82ED176D8008BE8CB /* TableCell.swift */ = {isa = PBXFileReference; lastKnownFileType = sourcecode.swift; path = TableCell.swift; sourceTree = "<group>"; };
		C05B44FA2ED176EE008BE8CB /* CatalogViewProtocol.swift */ = {isa = PBXFileReference; lastKnownFileType = sourcecode.swift; path = CatalogViewProtocol.swift; sourceTree = "<group>"; };
		C05B44FC2ED17705008BE8CB /* NFTCollection.swift */ = {isa = PBXFileReference; lastKnownFileType = sourcecode.swift; path = NFTCollection.swift; sourceTree = "<group>"; };
		C05B44FE2ED17B15008BE8CB /* NFTItem.swift */ = {isa = PBXFileReference; lastKnownFileType = sourcecode.swift; path = NFTItem.swift; sourceTree = "<group>"; };
		C05B45002ED17B5B008BE8CB /* AuthorModel.swift */ = {isa = PBXFileReference; lastKnownFileType = sourcecode.swift; path = AuthorModel.swift; sourceTree = "<group>"; };
		C05B45022ED1AAAF008BE8CB /* CollectionsRequest.swift */ = {isa = PBXFileReference; lastKnownFileType = sourcecode.swift; path = CollectionsRequest.swift; sourceTree = "<group>"; };
		C05B45042ED1AE2C008BE8CB /* CollectionResponse.swift */ = {isa = PBXFileReference; lastKnownFileType = sourcecode.swift; path = CollectionResponse.swift; sourceTree = "<group>"; };
		C05B45062ED1AF3E008BE8CB /* CollectionsService.swift */ = {isa = PBXFileReference; lastKnownFileType = sourcecode.swift; path = CollectionsService.swift; sourceTree = "<group>"; };
		C05B45092ED4A6B1008BE8CB /* CatalogUserDefaultsKeys.swift */ = {isa = PBXFileReference; lastKnownFileType = sourcecode.swift; path = CatalogUserDefaultsKeys.swift; sourceTree = "<group>"; };
		C05B450B2EDAF7B7008BE8CB /* CollectionViewController.swift */ = {isa = PBXFileReference; lastKnownFileType = sourcecode.swift; path = CollectionViewController.swift; sourceTree = "<group>"; };
		C05B45112EDAFFA9008BE8CB /* CollectionViewProtocol.swift */ = {isa = PBXFileReference; lastKnownFileType = sourcecode.swift; path = CollectionViewProtocol.swift; sourceTree = "<group>"; };
		C05B45132EDB010D008BE8CB /* CollectionInput.swift */ = {isa = PBXFileReference; lastKnownFileType = sourcecode.swift; path = CollectionInput.swift; sourceTree = "<group>"; };
		C05B45152EDB0154008BE8CB /* CollectionPresenter.swift */ = {isa = PBXFileReference; lastKnownFileType = sourcecode.swift; path = CollectionPresenter.swift; sourceTree = "<group>"; };
		C05B45172EDB020A008BE8CB /* CollectionAssembly.swift */ = {isa = PBXFileReference; lastKnownFileType = sourcecode.swift; path = CollectionAssembly.swift; sourceTree = "<group>"; };
		C05B45192EDB5B99008BE8CB /* CollectionCell.swift */ = {isa = PBXFileReference; lastKnownFileType = sourcecode.swift; path = CollectionCell.swift; sourceTree = "<group>"; };
		C05B451B2EDC8BA8008BE8CB /* CollectionByIdRequest.swift */ = {isa = PBXFileReference; lastKnownFileType = sourcecode.swift; path = CollectionByIdRequest.swift; sourceTree = "<group>"; };
		C05B451F2EDC8DE9008BE8CB /* CollectionDetailResponse.swift */ = {isa = PBXFileReference; lastKnownFileType = sourcecode.swift; path = CollectionDetailResponse.swift; sourceTree = "<group>"; };
		C05B45212EDDE716008BE8CB /* ProfileResponse.swift */ = {isa = PBXFileReference; lastKnownFileType = sourcecode.swift; path = ProfileResponse.swift; sourceTree = "<group>"; };
		C05B45232EDDE767008BE8CB /* ProfileRequest.swift */ = {isa = PBXFileReference; lastKnownFileType = sourcecode.swift; path = ProfileRequest.swift; sourceTree = "<group>"; };
		C05B45252EDDE798008BE8CB /* ProfileService.swift */ = {isa = PBXFileReference; lastKnownFileType = sourcecode.swift; path = ProfileService.swift; sourceTree = "<group>"; };
		C05B45272EDDEEA6008BE8CB /* UpdateProfileDto.swift */ = {isa = PBXFileReference; lastKnownFileType = sourcecode.swift; path = UpdateProfileDto.swift; sourceTree = "<group>"; };
		C05B45292EDDEF0B008BE8CB /* UpdateProfileRequest.swift */ = {isa = PBXFileReference; lastKnownFileType = sourcecode.swift; path = UpdateProfileRequest.swift; sourceTree = "<group>"; };
		C05B452B2EDF3C91008BE8CB /* OrderResponse.swift */ = {isa = PBXFileReference; lastKnownFileType = sourcecode.swift; path = OrderResponse.swift; sourceTree = "<group>"; };
		C05B452D2EDF3CFA008BE8CB /* OrderRequest.swift */ = {isa = PBXFileReference; lastKnownFileType = sourcecode.swift; path = OrderRequest.swift; sourceTree = "<group>"; };
		C05B452F2EDF3D51008BE8CB /* UpdateOrderDto.swift */ = {isa = PBXFileReference; lastKnownFileType = sourcecode.swift; path = UpdateOrderDto.swift; sourceTree = "<group>"; };
		C05B45312EDF3DAD008BE8CB /* UpdateOrderRequest.swift */ = {isa = PBXFileReference; lastKnownFileType = sourcecode.swift; path = UpdateOrderRequest.swift; sourceTree = "<group>"; };
		C05B45332EDF3DF2008BE8CB /* OrderService.swift */ = {isa = PBXFileReference; lastKnownFileType = sourcecode.swift; path = OrderService.swift; sourceTree = "<group>"; };
		C05B45362EE57FCC008BE8CB /* SplashViewController.swift */ = {isa = PBXFileReference; lastKnownFileType = sourcecode.swift; path = SplashViewController.swift; sourceTree = "<group>"; };
		C05B45382EE59E35008BE8CB /* NFTCardInput.swift */ = {isa = PBXFileReference; lastKnownFileType = sourcecode.swift; path = NFTCardInput.swift; sourceTree = "<group>"; };
		C05B453B2EE59E6C008BE8CB /* NFTCardViewProtocol.swift */ = {isa = PBXFileReference; lastKnownFileType = sourcecode.swift; path = NFTCardViewProtocol.swift; sourceTree = "<group>"; };
		C05B453D2EE59F04008BE8CB /* NFTCardPresenter.swift */ = {isa = PBXFileReference; lastKnownFileType = sourcecode.swift; path = NFTCardPresenter.swift; sourceTree = "<group>"; };
		C05B453F2EE59FA2008BE8CB /* NFTCardViewController.swift */ = {isa = PBXFileReference; lastKnownFileType = sourcecode.swift; path = NFTCardViewController.swift; sourceTree = "<group>"; };
		C05B45412EE59FD7008BE8CB /* NFTCardAssembly.swift */ = {isa = PBXFileReference; lastKnownFileType = sourcecode.swift; path = NFTCardAssembly.swift; sourceTree = "<group>"; };
		C05B45432EE5DB02008BE8CB /* CurrencyCell.swift */ = {isa = PBXFileReference; lastKnownFileType = sourcecode.swift; path = CurrencyCell.swift; sourceTree = "<group>"; };
		C05B45452EE88110008BE8CB /* UIImage+Rating.swift */ = {isa = PBXFileReference; lastKnownFileType = sourcecode.swift; path = "UIImage+Rating.swift"; sourceTree = "<group>"; };
		C05B45472EE883F0008BE8CB /* CurrencyResponse.swift */ = {isa = PBXFileReference; lastKnownFileType = sourcecode.swift; path = CurrencyResponse.swift; sourceTree = "<group>"; };
		C05B45492EE88412008BE8CB /* Currency.swift */ = {isa = PBXFileReference; lastKnownFileType = sourcecode.swift; path = Currency.swift; sourceTree = "<group>"; };
		C05B454B2EE88433008BE8CB /* CurrencyRequest.swift */ = {isa = PBXFileReference; lastKnownFileType = sourcecode.swift; path = CurrencyRequest.swift; sourceTree = "<group>"; };
		C05B454D2EE88455008BE8CB /* CurrencyService.swift */ = {isa = PBXFileReference; lastKnownFileType = sourcecode.swift; path = CurrencyService.swift; sourceTree = "<group>"; };
		C05B45512EE9DD91008BE8CB /* CurrencyID.swift */ = {isa = PBXFileReference; lastKnownFileType = sourcecode.swift; path = CurrencyID.swift; sourceTree = "<group>"; };
		C05B45702EEBD50C008BE8CB /* CollectionRouter.swift */ = {isa = PBXFileReference; lastKnownFileType = sourcecode.swift; path = CollectionRouter.swift; sourceTree = "<group>"; };
		C05B45722EEBD7AB008BE8CB /* NFTSelectionData.swift */ = {isa = PBXFileReference; lastKnownFileType = sourcecode.swift; path = NFTSelectionData.swift; sourceTree = "<group>"; };
		C05B45742EEBDC09008BE8CB /* AppURLs.swift */ = {isa = PBXFileReference; lastKnownFileType = sourcecode.swift; path = AppURLs.swift; sourceTree = "<group>"; };
		E19CD5AA2A98B56600CA39A5 /* NftImageCollectionViewCell.swift */ = {isa = PBXFileReference; lastKnownFileType = sourcecode.swift; path = NftImageCollectionViewCell.swift; sourceTree = "<group>"; };
		E1A1B9D92AA01CE400C3AFBC /* TabBarController.swift */ = {isa = PBXFileReference; lastKnownFileType = sourcecode.swift; path = TabBarController.swift; sourceTree = "<group>"; };
		E1CD40D82A96BE7D00BE7FE8 /* ru */ = {isa = PBXFileReference; lastKnownFileType = text.plist.strings; name = ru; path = ru.lproj/Main.strings; sourceTree = "<group>"; };
		E1CD40D92A96BE7D00BE7FE8 /* ru */ = {isa = PBXFileReference; lastKnownFileType = text.plist.strings; name = ru; path = ru.lproj/LaunchScreen.strings; sourceTree = "<group>"; };
		E1CD40DB2A96BECC00BE7FE8 /* Localizable.strings */ = {isa = PBXFileReference; lastKnownFileType = text.plist.strings; path = Localizable.strings; sourceTree = "<group>"; };
		F4763DBF2EF09DEC007F7C8F /* RequestConstants.swift */ = {isa = PBXFileReference; lastKnownFileType = sourcecode.swift; path = RequestConstants.swift; sourceTree = "<group>"; };
		F4763DC12EF0A088007F7C8F /* ProfileViewColors.swift */ = {isa = PBXFileReference; fileEncoding = 4; lastKnownFileType = sourcecode.swift; path = ProfileViewColors.swift; sourceTree = "<group>"; };
		F4763DC42EF0A206007F7C8F /* NFTModel.swift */ = {isa = PBXFileReference; fileEncoding = 4; lastKnownFileType = sourcecode.swift; path = NFTModel.swift; sourceTree = "<group>"; };
		F4763DC62EF0A206007F7C8F /* RuntimeError.swift */ = {isa = PBXFileReference; fileEncoding = 4; lastKnownFileType = sourcecode.swift; path = RuntimeError.swift; sourceTree = "<group>"; };
		F4763DC72EF0A206007F7C8F /* ProfileCellModel.swift */ = {isa = PBXFileReference; fileEncoding = 4; lastKnownFileType = sourcecode.swift; path = ProfileCellModel.swift; sourceTree = "<group>"; };
		F4763DC92EF0A206007F7C8F /* UserNFTCollectionSortField.swift */ = {isa = PBXFileReference; fileEncoding = 4; lastKnownFileType = sourcecode.swift; path = UserNFTCollectionSortField.swift; sourceTree = "<group>"; };
		F4763DCA2EF0A206007F7C8F /* AppDataSourceType.swift */ = {isa = PBXFileReference; fileEncoding = 4; lastKnownFileType = sourcecode.swift; path = AppDataSourceType.swift; sourceTree = "<group>"; };
		F4763DCB2EF0A206007F7C8F /* ProfileModel.swift */ = {isa = PBXFileReference; fileEncoding = 4; lastKnownFileType = sourcecode.swift; path = ProfileModel.swift; sourceTree = "<group>"; };
		F4763DD42EF0A2C9007F7C8F /* ProfileSceneConstants.swift */ = {isa = PBXFileReference; fileEncoding = 4; lastKnownFileType = sourcecode.swift; path = ProfileSceneConstants.swift; sourceTree = "<group>"; };
		F4763DD62EF0A2C9007F7C8F /* WebViewViewController.swift */ = {isa = PBXFileReference; fileEncoding = 4; lastKnownFileType = sourcecode.swift; path = WebViewViewController.swift; sourceTree = "<group>"; };
		F4763DD82EF0A2C9007F7C8F /* UIImage+Extensions.swift */ = {isa = PBXFileReference; fileEncoding = 4; lastKnownFileType = sourcecode.swift; path = "UIImage+Extensions.swift"; sourceTree = "<group>"; };
		F4763DD92EF0A2C9007F7C8F /* UITextField+Extensions.swift */ = {isa = PBXFileReference; fileEncoding = 4; lastKnownFileType = sourcecode.swift; path = "UITextField+Extensions.swift"; sourceTree = "<group>"; };
		F4763DDC2EF0A2C9007F7C8F /* EditProfileViewController.swift */ = {isa = PBXFileReference; fileEncoding = 4; lastKnownFileType = sourcecode.swift; path = EditProfileViewController.swift; sourceTree = "<group>"; };
		F4763DDD2EF0A2C9007F7C8F /* EditProfileViewController+ProfileViewProtocol.swift */ = {isa = PBXFileReference; fileEncoding = 4; lastKnownFileType = sourcecode.swift; path = "EditProfileViewController+ProfileViewProtocol.swift"; sourceTree = "<group>"; };
		F4763DDE2EF0A2C9007F7C8F /* ProfilePresenter.swift */ = {isa = PBXFileReference; fileEncoding = 4; lastKnownFileType = sourcecode.swift; path = ProfilePresenter.swift; sourceTree = "<group>"; };
		F4763DE02EF0A2C9007F7C8F /* ProfileViewController+ProfileViewProtocol.swift */ = {isa = PBXFileReference; fileEncoding = 4; lastKnownFileType = sourcecode.swift; path = "ProfileViewController+ProfileViewProtocol.swift"; sourceTree = "<group>"; };
		F4763DE12EF0A2C9007F7C8F /* ProfileViewController.swift */ = {isa = PBXFileReference; fileEncoding = 4; lastKnownFileType = sourcecode.swift; path = ProfileViewController.swift; sourceTree = "<group>"; };
		F4763DE22EF0A2C9007F7C8F /* ProfileTableViewCell.swift */ = {isa = PBXFileReference; fileEncoding = 4; lastKnownFileType = sourcecode.swift; path = ProfileTableViewCell.swift; sourceTree = "<group>"; };
		F4763DE52EF0A2C9007F7C8F /* MyNftViewController+NFTViewProtocol.swift */ = {isa = PBXFileReference; fileEncoding = 4; lastKnownFileType = sourcecode.swift; path = "MyNftViewController+NFTViewProtocol.swift"; sourceTree = "<group>"; };
		F4763DE62EF0A2C9007F7C8F /* MyNftViewController.swift */ = {isa = PBXFileReference; fileEncoding = 4; lastKnownFileType = sourcecode.swift; path = MyNftViewController.swift; sourceTree = "<group>"; };
		F4763DE72EF0A2C9007F7C8F /* MyNftTableViewCell.swift */ = {isa = PBXFileReference; fileEncoding = 4; lastKnownFileType = sourcecode.swift; path = MyNftTableViewCell.swift; sourceTree = "<group>"; };
		F4763DE92EF0A2C9007F7C8F /* FavoriteNftsViewController.swift */ = {isa = PBXFileReference; fileEncoding = 4; lastKnownFileType = sourcecode.swift; path = FavoriteNftsViewController.swift; sourceTree = "<group>"; };
		F4763DEA2EF0A2C9007F7C8F /* FavoriteNftsCollectionViewCell.swift */ = {isa = PBXFileReference; fileEncoding = 4; lastKnownFileType = sourcecode.swift; path = FavoriteNftsCollectionViewCell.swift; sourceTree = "<group>"; };
		F4763DEB2EF0A2C9007F7C8F /* FavoriteNftsCollectionView+NFTViewProtocol.swift */ = {isa = PBXFileReference; fileEncoding = 4; lastKnownFileType = sourcecode.swift; path = "FavoriteNftsCollectionView+NFTViewProtocol.swift"; sourceTree = "<group>"; };
		F4763DEC2EF0A2C9007F7C8F /* NFTPresenter.swift */ = {isa = PBXFileReference; fileEncoding = 4; lastKnownFileType = sourcecode.swift; path = NFTPresenter.swift; sourceTree = "<group>"; };
		F4763DEE2EF0A2C9007F7C8F /* NFTViewProtocol.swift */ = {isa = PBXFileReference; fileEncoding = 4; lastKnownFileType = sourcecode.swift; path = NFTViewProtocol.swift; sourceTree = "<group>"; };
		F4763DEF2EF0A2C9007F7C8F /* ProfileViewProtocol.swift */ = {isa = PBXFileReference; fileEncoding = 4; lastKnownFileType = sourcecode.swift; path = ProfileViewProtocol.swift; sourceTree = "<group>"; };
		F4763DF02EF0A2C9007F7C8F /* ProfilePresenterProtocol.swift */ = {isa = PBXFileReference; fileEncoding = 4; lastKnownFileType = sourcecode.swift; path = ProfilePresenterProtocol.swift; sourceTree = "<group>"; };
		F4763DF12EF0A2C9007F7C8F /* NFTPresenterProtocol.swift */ = {isa = PBXFileReference; fileEncoding = 4; lastKnownFileType = sourcecode.swift; path = NFTPresenterProtocol.swift; sourceTree = "<group>"; };
		F4763E092EF0A377007F7C8F /* FakeNFTMockDataBackendService.swift */ = {isa = PBXFileReference; fileEncoding = 4; lastKnownFileType = sourcecode.swift; path = FakeNFTMockDataBackendService.swift; sourceTree = "<group>"; };
		F4763E0A2EF0A377007F7C8F /* FakeNFTUserDefaultsKeeperService.swift */ = {isa = PBXFileReference; fileEncoding = 4; lastKnownFileType = sourcecode.swift; path = FakeNFTUserDefaultsKeeperService.swift; sourceTree = "<group>"; };
		F4763E0B2EF0A377007F7C8F /* FakeNFTMockData.swift */ = {isa = PBXFileReference; fileEncoding = 4; lastKnownFileType = sourcecode.swift; path = FakeNFTMockData.swift; sourceTree = "<group>"; };
		F4763E0D2EF0A377007F7C8F /* SaveProfileDto.swift */ = {isa = PBXFileReference; fileEncoding = 4; lastKnownFileType = sourcecode.swift; path = SaveProfileDto.swift; sourceTree = "<group>"; };
		F4763E0F2EF0A377007F7C8F /* ProfilePutResponse.swift */ = {isa = PBXFileReference; fileEncoding = 4; lastKnownFileType = sourcecode.swift; path = ProfilePutResponse.swift; sourceTree = "<group>"; };
		F4763E122EF0A377007F7C8F /* ProfileStorage.swift */ = {isa = PBXFileReference; fileEncoding = 4; lastKnownFileType = sourcecode.swift; path = ProfileStorage.swift; sourceTree = "<group>"; };
		F4763E132EF0A377007F7C8F /* ProfilePutRequest.swift */ = {isa = PBXFileReference; fileEncoding = 4; lastKnownFileType = sourcecode.swift; path = ProfilePutRequest.swift; sourceTree = "<group>"; };
		F4763E152EF0A377007F7C8F /* FakeNFTModelServiceAgent.swift */ = {isa = PBXFileReference; fileEncoding = 4; lastKnownFileType = sourcecode.swift; path = FakeNFTModelServiceAgent.swift; sourceTree = "<group>"; };
		F4763E162EF0A377007F7C8F /* FakeNFTModelServiceAgentProtocol.swift */ = {isa = PBXFileReference; fileEncoding = 4; lastKnownFileType = sourcecode.swift; path = FakeNFTModelServiceAgentProtocol.swift; sourceTree = "<group>"; };
		F4763E172EF0A377007F7C8F /* FakeNFTMockDataServiceAgent.swift */ = {isa = PBXFileReference; fileEncoding = 4; lastKnownFileType = sourcecode.swift; path = FakeNFTMockDataServiceAgent.swift; sourceTree = "<group>"; };
		F4763E182EF0A377007F7C8F /* FakeNFTModelServicesNotifications.swift */ = {isa = PBXFileReference; fileEncoding = 4; lastKnownFileType = sourcecode.swift; path = FakeNFTModelServicesNotifications.swift; sourceTree = "<group>"; };
		F4763E1A2EF0A377007F7C8F /* ProfileDto.swift */ = {isa = PBXFileReference; fileEncoding = 4; lastKnownFileType = sourcecode.swift; path = ProfileDto.swift; sourceTree = "<group>"; };
		F4763E1B2EF0A377007F7C8F /* NFTDto.swift */ = {isa = PBXFileReference; fileEncoding = 4; lastKnownFileType = sourcecode.swift; path = NFTDto.swift; sourceTree = "<group>"; };
		F4763E2D2EF0A3B7007F7C8F /* FakeNFTUserDefaultsKeeperProtocol.swift */ = {isa = PBXFileReference; fileEncoding = 4; lastKnownFileType = sourcecode.swift; path = FakeNFTUserDefaultsKeeperProtocol.swift; sourceTree = "<group>"; };
		F4763E2E2EF0A3B7007F7C8F /* FakeNFTModelServiceProtocol.swift */ = {isa = PBXFileReference; fileEncoding = 4; lastKnownFileType = sourcecode.swift; path = FakeNFTModelServiceProtocol.swift; sourceTree = "<group>"; };
		F4763E2F2EF0A3B7007F7C8F /* FakeNFTModelTestsHelperMethodsProtocol.swift */ = {isa = PBXFileReference; fileEncoding = 4; lastKnownFileType = sourcecode.swift; path = FakeNFTModelTestsHelperMethodsProtocol.swift; sourceTree = "<group>"; };
		F4763E302EF0A3B7007F7C8F /* FakeNFTBackendServiceProtocol.swift */ = {isa = PBXFileReference; fileEncoding = 4; lastKnownFileType = sourcecode.swift; path = FakeNFTBackendServiceProtocol.swift; sourceTree = "<group>"; };
/* End PBXFileReference section */

/* Begin PBXFrameworksBuildPhase section */
		3F68069029CBBAF100B4F915 /* Frameworks */ = {
			isa = PBXFrameworksBuildPhase;
			buildActionMask = 2147483647;
			files = (
				F4E985162EF0AC9C008A90E4 /* Kingfisher in Frameworks */,
				F4E985132EF0AC75008A90E4 /* ProgressHUD in Frameworks */,
			);
			runOnlyForDeploymentPostprocessing = 0;
		};
		3F6806A629CBBAF200B4F915 /* Frameworks */ = {
			isa = PBXFrameworksBuildPhase;
			buildActionMask = 2147483647;
			files = (
			);
			runOnlyForDeploymentPostprocessing = 0;
		};
		3F6806B029CBBAF200B4F915 /* Frameworks */ = {
			isa = PBXFrameworksBuildPhase;
			buildActionMask = 2147483647;
			files = (
			);
			runOnlyForDeploymentPostprocessing = 0;
		};
/* End PBXFrameworksBuildPhase section */

/* Begin PBXGroup section */
		0C79EE642A76DDCF00EE90EA /* NftDetails */ = {
			isa = PBXGroup;
			children = (
				E19CD5A92A98B55900CA39A5 /* Cell */,
				0C79EE652A76DDFF00EE90EA /* NftDetailViewController.swift */,
				0C79EE672A76DE0900EE90EA /* NftDetailPresenter.swift */,
				0C79EE692A76DE1000EE90EA /* NftDetailAssembly.swift */,
				0CFCB7432A7802440009A829 /* NftDetailInput.swift */,
			);
			path = NftDetails;
			sourceTree = "<group>";
		};
		0CF2C2D92A783C1600FDC837 /* Common */ = {
			isa = PBXGroup;
			children = (
				0CF2C2DF2A784C5600FDC837 /* Views */,
				0CF2C2DE2A784C4C00FDC837 /* Protocols */,
			);
			path = Common;
			sourceTree = "<group>";
		};
		0CF2C2DE2A784C4C00FDC837 /* Protocols */ = {
			isa = PBXGroup;
			children = (
				0CF2C2DA2A783C1B00FDC837 /* LoadingView.swift */,
				0CF2C2DC2A783CE600FDC837 /* ErrorView.swift */,
			);
			path = Protocols;
			sourceTree = "<group>";
		};
		0CF2C2DF2A784C5600FDC837 /* Views */ = {
			isa = PBXGroup;
			children = (
				0CF2C2E02A784C7000FDC837 /* LinePageControl.swift */,
			);
			path = Views;
			sourceTree = "<group>";
		};
		0CFCB7472A7808870009A829 /* Catalog */ = {
			isa = PBXGroup;
			children = (
				C05B456F2EEBD501008BE8CB /* Router */,
				C05B45492EE88412008BE8CB /* Currency.swift */,
				C05B45172EDB020A008BE8CB /* CollectionAssembly.swift */,
				C05B45132EDB010D008BE8CB /* CollectionInput.swift */,
				C05B45082ED4A684008BE8CB /* Constants */,
				C05B44F42ED175E4008BE8CB /* Presenter */,
				C05B44F32ED175DA008BE8CB /* View */,
			);
			path = Catalog;
			sourceTree = "<group>";
		};
		0CFCB74C2A7817C30009A829 /* MemoryStorage */ = {
			isa = PBXGroup;
			children = (
				0CFCB74D2A7817DC0009A829 /* NftStorage.swift */,
			);
			path = MemoryStorage;
			sourceTree = "<group>";
		};
		3F478ECD29DB473000F6D39E /* DesignSystem */ = {
			isa = PBXGroup;
			children = (
				C05B45452EE88110008BE8CB /* UIImage+Rating.swift */,
				3F478ECE29DB474E00F6D39E /* Colors.swift */,
				3F478ED029DB476500F6D39E /* Fonts.swift */,
				F4763DC12EF0A088007F7C8F /* ProfileViewColors.swift */,
			);
			path = DesignSystem;
			sourceTree = "<group>";
		};
		3F68068A29CBBAF100B4F915 = {
			isa = PBXGroup;
			children = (
				3F68069529CBBAF100B4F915 /* FakeNFT */,
				3F6806AC29CBBAF200B4F915 /* FakeNFTTests */,
				3F6806B629CBBAF200B4F915 /* FakeNFTUITests */,
				3F68069429CBBAF100B4F915 /* Products */,
				F4E985142EF0AC9C008A90E4 /* Frameworks */,
			);
			sourceTree = "<group>";
		};
		3F68069429CBBAF100B4F915 /* Products */ = {
			isa = PBXGroup;
			children = (
				3F68069329CBBAF100B4F915 /* FakeNFT.app */,
				3F6806A929CBBAF200B4F915 /* FakeNFTTests.xctest */,
				3F6806B329CBBAF200B4F915 /* FakeNFTUITests.xctest */,
			);
			name = Products;
			sourceTree = "<group>";
		};
		3F68069529CBBAF100B4F915 /* FakeNFT */ = {
			isa = PBXGroup;
			children = (
				3F68069629CBBAF100B4F915 /* AppDelegate.swift */,
				3F68069829CBBAF100B4F915 /* SceneDelegate.swift */,
				E1CD40DA2A96BE9B00BE7FE8 /* Resources */,
				3F478ECD29DB473000F6D39E /* DesignSystem */,
				3F6806CE29CBBD1B00B4F915 /* Foundation */,
				3F6806C929CBBCAF00B4F915 /* Models */,
				3F6806C729CBBC5B00B4F915 /* Scenes  */,
				3F6806C629CBBC4E00B4F915 /* Services */,
				3F6806A429CBBAF200B4F915 /* Info.plist */,
			);
			path = FakeNFT;
			sourceTree = "<group>";
		};
		3F6806AC29CBBAF200B4F915 /* FakeNFTTests */ = {
			isa = PBXGroup;
			children = (
				3F6806AD29CBBAF200B4F915 /* ExampleUnitTests.swift */,
			);
			path = FakeNFTTests;
			sourceTree = "<group>";
		};
		3F6806B629CBBAF200B4F915 /* FakeNFTUITests */ = {
			isa = PBXGroup;
			children = (
				3F6806B729CBBAF200B4F915 /* FakeNFTUITests.swift */,
			);
			path = FakeNFTUITests;
			sourceTree = "<group>";
		};
		3F6806C629CBBC4E00B4F915 /* Services */ = {
			isa = PBXGroup;
			children = (
				C05B454D2EE88455008BE8CB /* CurrencyService.swift */,
				C05B45332EDF3DF2008BE8CB /* OrderService.swift */,
				C05B45252EDDE798008BE8CB /* ProfileService.swift */,
				F4763E2C2EF0A3B7007F7C8F /* Protocols */,
				F4763E072EF0A377007F7C8F /* ProfileServices */,
				3FC8C38F29D245250081F015 /* Requests */,
				0C79EE6B2A76DE2E00EE90EA /* ServicesAssemly.swift */,
				558E39E62C68CE0900FB86AC /* NftService.swift */,
				0CFCB73F2A78002A0009A829 /* ExamplePutService.swift */,
			);
			path = Services;
			sourceTree = "<group>";
		};
		3F6806C729CBBC5B00B4F915 /* Scenes  */ = {
			isa = PBXGroup;
			children = (
				F4763DD22EF0A2C9007F7C8F /* ProfileScene */,
				C05B45352EE57FC2008BE8CB /* Splash */,
				C05B453A2EE59E3C008BE8CB /* NFTCard */,
				E1A1B9D82AA01C9700C3AFBC /* TabBarController */,
				0CF2C2D92A783C1600FDC837 /* Common */,
				0CFCB7472A7808870009A829 /* Catalog */,
				0C79EE642A76DDCF00EE90EA /* NftDetails */,
				3F6806C829CBBC8100B4F915 /* ProductDetails */,
			);
			path = "Scenes ";
			sourceTree = "<group>";
		};
		3F6806C829CBBC8100B4F915 /* ProductDetails */ = {
			isa = PBXGroup;
			children = (
				3F68069A29CBBAF100B4F915 /* ProductDetailsTableViewController.swift */,
				3FC8C38A29D242E90081F015 /* ProductDetailsTableViewCell.swift */,
			);
			path = ProductDetails;
			sourceTree = "<group>";
		};
		3F6806C929CBBCAF00B4F915 /* Models */ = {
			isa = PBXGroup;
			children = (
				C05B44F52ED17626008BE8CB /* Catalog */,
				F4763DC32EF0A206007F7C8F /* ProfileModel */,
				3F6806D829CC979D00B4F915 /* Network */,
			);
			path = Models;
			sourceTree = "<group>";
		};
		3F6806CE29CBBD1B00B4F915 /* Foundation */ = {
			isa = PBXGroup;
			children = (
				0CFCB74C2A7817C30009A829 /* MemoryStorage */,
				3F6806CF29CBBDB100B4F915 /* NetworkClient */,
				3F6806D629CBC50A00B4F915 /* CellsReusingUtils.swift */,
				3FC8C39229D246BA0081F015 /* DateFormatters+Presets.swift */,
				0CFCB74A2A780EA80009A829 /* UIView+Constraints.swift */,
			);
			path = Foundation;
			sourceTree = "<group>";
		};
		3F6806CF29CBBDB100B4F915 /* NetworkClient */ = {
			isa = PBXGroup;
			children = (
				3F6806D029CBBE6B00B4F915 /* NetworkClient.swift */,
				3F6806D229CBBE9600B4F915 /* NetworkRequest.swift */,
				3F6806D429CBBEC700B4F915 /* NetworkTask.swift */,
			);
			path = NetworkClient;
			sourceTree = "<group>";
		};
		3F6806D829CC979D00B4F915 /* Network */ = {
			isa = PBXGroup;
			children = (
				C05B45472EE883F0008BE8CB /* CurrencyResponse.swift */,
				C05B452F2EDF3D51008BE8CB /* UpdateOrderDto.swift */,
				C05B452B2EDF3C91008BE8CB /* OrderResponse.swift */,
				C05B45272EDDEEA6008BE8CB /* UpdateProfileDto.swift */,
				C05B45212EDDE716008BE8CB /* ProfileResponse.swift */,
				C05B451F2EDC8DE9008BE8CB /* CollectionDetailResponse.swift */,
				C05B45042ED1AE2C008BE8CB /* CollectionResponse.swift */,
				0CFCB7412A78013E0009A829 /* Nft.swift */,
			);
			path = Network;
			sourceTree = "<group>";
		};
		3FC8C38F29D245250081F015 /* Requests */ = {
			isa = PBXGroup;
			children = (
				C05B454B2EE88433008BE8CB /* CurrencyRequest.swift */,
				C05B45312EDF3DAD008BE8CB /* UpdateOrderRequest.swift */,
				C05B452D2EDF3CFA008BE8CB /* OrderRequest.swift */,
				C05B45292EDDEF0B008BE8CB /* UpdateProfileRequest.swift */,
				C05B45232EDDE767008BE8CB /* ProfileRequest.swift */,
				C05B451B2EDC8BA8008BE8CB /* CollectionByIdRequest.swift */,
				C05B45062ED1AF3E008BE8CB /* CollectionsService.swift */,
				C05B45022ED1AAAF008BE8CB /* CollectionsRequest.swift */,
				3FC8C39029D2453B0081F015 /* ExamplePutRequest.swift */,
				0C79EE602A76DCD600EE90EA /* NftByIdRequest.swift */,
				F4763DBF2EF09DEC007F7C8F /* RequestConstants.swift */,
			);
			path = Requests;
			sourceTree = "<group>";
		};
		C05B44F32ED175DA008BE8CB /* View */ = {
			isa = PBXGroup;
			children = (
				C05B45722EEBD7AB008BE8CB /* NFTSelectionData.swift */,
				C05B45192EDB5B99008BE8CB /* CollectionCell.swift */,
				C05B450B2EDAF7B7008BE8CB /* CollectionViewController.swift */,
				C05B44F82ED176D8008BE8CB /* TableCell.swift */,
				0CFCB7482A7808900009A829 /* CatalogViewController.swift */,
			);
			path = View;
			sourceTree = "<group>";
		};
		C05B44F42ED175E4008BE8CB /* Presenter */ = {
			isa = PBXGroup;
			children = (
				C05B45152EDB0154008BE8CB /* CollectionPresenter.swift */,
				C05B45112EDAFFA9008BE8CB /* CollectionViewProtocol.swift */,
				C05B44FA2ED176EE008BE8CB /* CatalogViewProtocol.swift */,
				C05B44F62ED176BD008BE8CB /* CatalogPresenter.swift */,
			);
			path = Presenter;
			sourceTree = "<group>";
		};
		C05B44F52ED17626008BE8CB /* Catalog */ = {
			isa = PBXGroup;
			children = (
				C05B45002ED17B5B008BE8CB /* AuthorModel.swift */,
				C05B44FE2ED17B15008BE8CB /* NFTItem.swift */,
				C05B44FC2ED17705008BE8CB /* NFTCollection.swift */,
			);
			path = Catalog;
			sourceTree = "<group>";
		};
		C05B45082ED4A684008BE8CB /* Constants */ = {
			isa = PBXGroup;
			children = (
				C05B45742EEBDC09008BE8CB /* AppURLs.swift */,
				C05B45092ED4A6B1008BE8CB /* CatalogUserDefaultsKeys.swift */,
			);
			path = Constants;
			sourceTree = "<group>";
		};
		C05B45352EE57FC2008BE8CB /* Splash */ = {
			isa = PBXGroup;
			children = (
				C05B45362EE57FCC008BE8CB /* SplashViewController.swift */,
			);
			path = Splash;
			sourceTree = "<group>";
		};
		C05B453A2EE59E3C008BE8CB /* NFTCard */ = {
			isa = PBXGroup;
			children = (
				C05B45512EE9DD91008BE8CB /* CurrencyID.swift */,
				C05B45432EE5DB02008BE8CB /* CurrencyCell.swift */,
				C05B45412EE59FD7008BE8CB /* NFTCardAssembly.swift */,
				C05B453F2EE59FA2008BE8CB /* NFTCardViewController.swift */,
				C05B453D2EE59F04008BE8CB /* NFTCardPresenter.swift */,
				C05B453B2EE59E6C008BE8CB /* NFTCardViewProtocol.swift */,
				C05B45382EE59E35008BE8CB /* NFTCardInput.swift */,
			);
			path = NFTCard;
			sourceTree = "<group>";
		};
		C05B456F2EEBD501008BE8CB /* Router */ = {
			isa = PBXGroup;
			children = (
				C05B45702EEBD50C008BE8CB /* CollectionRouter.swift */,
			);
			path = Router;
			sourceTree = "<group>";
		};
		E19CD5A92A98B55900CA39A5 /* Cell */ = {
			isa = PBXGroup;
			children = (
				0CFCB7452A78064B0009A829 /* NftDetailCellModel.swift */,
				E19CD5AA2A98B56600CA39A5 /* NftImageCollectionViewCell.swift */,
			);
			path = Cell;
			sourceTree = "<group>";
		};
		E1A1B9D82AA01C9700C3AFBC /* TabBarController */ = {
			isa = PBXGroup;
			children = (
				E1A1B9D92AA01CE400C3AFBC /* TabBarController.swift */,
			);
			path = TabBarController;
			sourceTree = "<group>";
		};
		E1CD40DA2A96BE9B00BE7FE8 /* Resources */ = {
			isa = PBXGroup;
			children = (
				3F68069C29CBBAF100B4F915 /* Main.storyboard */,
				3F68069F29CBBAF200B4F915 /* Assets.xcassets */,
				3F6806A129CBBAF200B4F915 /* LaunchScreen.storyboard */,
				E1CD40DB2A96BECC00BE7FE8 /* Localizable.strings */,
			);
			path = Resources;
			sourceTree = "<group>";
		};
		F4763DC32EF0A206007F7C8F /* ProfileModel */ = {
			isa = PBXGroup;
			children = (
				F4763DC42EF0A206007F7C8F /* NFTModel.swift */,
				F4763DC52EF0A206007F7C8F /* Utils */,
				F4763DC72EF0A206007F7C8F /* ProfileCellModel.swift */,
				F4763DC82EF0A206007F7C8F /* Defs */,
				F4763DCB2EF0A206007F7C8F /* ProfileModel.swift */,
			);
			name = ProfileModel;
			path = FakeNFT/Models/ProfileModel;
			sourceTree = SOURCE_ROOT;
		};
		F4763DC52EF0A206007F7C8F /* Utils */ = {
			isa = PBXGroup;
			children = (
				F4763DC62EF0A206007F7C8F /* RuntimeError.swift */,
			);
			path = Utils;
			sourceTree = "<group>";
		};
		F4763DC82EF0A206007F7C8F /* Defs */ = {
			isa = PBXGroup;
			children = (
				F4763DC92EF0A206007F7C8F /* UserNFTCollectionSortField.swift */,
				F4763DCA2EF0A206007F7C8F /* AppDataSourceType.swift */,
			);
			path = Defs;
			sourceTree = "<group>";
		};
		F4763DD22EF0A2C9007F7C8F /* ProfileScene */ = {
			isa = PBXGroup;
			children = (
				F4763DD32EF0A2C9007F7C8F /* Constants */,
				F4763DD52EF0A2C9007F7C8F /* WebView */,
				F4763DD72EF0A2C9007F7C8F /* Extensions */,
				F4763DDA2EF0A2C9007F7C8F /* Profile */,
				F4763DE32EF0A2C9007F7C8F /* NFTs */,
				F4763DED2EF0A2C9007F7C8F /* Protocols */,
			);
			path = ProfileScene;
			sourceTree = "<group>";
		};
		F4763DD32EF0A2C9007F7C8F /* Constants */ = {
			isa = PBXGroup;
			children = (
				F4763DD42EF0A2C9007F7C8F /* ProfileSceneConstants.swift */,
			);
			path = Constants;
			sourceTree = "<group>";
		};
		F4763DD52EF0A2C9007F7C8F /* WebView */ = {
			isa = PBXGroup;
			children = (
				F4763DD62EF0A2C9007F7C8F /* WebViewViewController.swift */,
			);
			path = WebView;
			sourceTree = "<group>";
		};
		F4763DD72EF0A2C9007F7C8F /* Extensions */ = {
			isa = PBXGroup;
			children = (
				F4763DD82EF0A2C9007F7C8F /* UIImage+Extensions.swift */,
				F4763DD92EF0A2C9007F7C8F /* UITextField+Extensions.swift */,
			);
			path = Extensions;
			sourceTree = "<group>";
		};
		F4763DDA2EF0A2C9007F7C8F /* Profile */ = {
			isa = PBXGroup;
			children = (
				F4763DDB2EF0A2C9007F7C8F /* EditProfile */,
				F4763DDE2EF0A2C9007F7C8F /* ProfilePresenter.swift */,
				F4763DDF2EF0A2C9007F7C8F /* ViewProfile */,
				F4763DE22EF0A2C9007F7C8F /* ProfileTableViewCell.swift */,
			);
			path = Profile;
			sourceTree = "<group>";
		};
		F4763DDB2EF0A2C9007F7C8F /* EditProfile */ = {
			isa = PBXGroup;
			children = (
				F4763DDC2EF0A2C9007F7C8F /* EditProfileViewController.swift */,
				F4763DDD2EF0A2C9007F7C8F /* EditProfileViewController+ProfileViewProtocol.swift */,
			);
			path = EditProfile;
			sourceTree = "<group>";
		};
		F4763DDF2EF0A2C9007F7C8F /* ViewProfile */ = {
			isa = PBXGroup;
			children = (
				F4763DE02EF0A2C9007F7C8F /* ProfileViewController+ProfileViewProtocol.swift */,
				F4763DE12EF0A2C9007F7C8F /* ProfileViewController.swift */,
			);
			path = ViewProfile;
			sourceTree = "<group>";
		};
		F4763DE32EF0A2C9007F7C8F /* NFTs */ = {
			isa = PBXGroup;
			children = (
				F4763DE42EF0A2C9007F7C8F /* MyNft */,
				F4763DE82EF0A2C9007F7C8F /* FavoriteNFTs */,
				F4763DEC2EF0A2C9007F7C8F /* NFTPresenter.swift */,
			);
			path = NFTs;
			sourceTree = "<group>";
		};
		F4763DE42EF0A2C9007F7C8F /* MyNft */ = {
			isa = PBXGroup;
			children = (
				F4763DE52EF0A2C9007F7C8F /* MyNftViewController+NFTViewProtocol.swift */,
				F4763DE62EF0A2C9007F7C8F /* MyNftViewController.swift */,
				F4763DE72EF0A2C9007F7C8F /* MyNftTableViewCell.swift */,
			);
			path = MyNft;
			sourceTree = "<group>";
		};
		F4763DE82EF0A2C9007F7C8F /* FavoriteNFTs */ = {
			isa = PBXGroup;
			children = (
				F4763DE92EF0A2C9007F7C8F /* FavoriteNftsViewController.swift */,
				F4763DEA2EF0A2C9007F7C8F /* FavoriteNftsCollectionViewCell.swift */,
				F4763DEB2EF0A2C9007F7C8F /* FavoriteNftsCollectionView+NFTViewProtocol.swift */,
			);
			path = FavoriteNFTs;
			sourceTree = "<group>";
		};
		F4763DED2EF0A2C9007F7C8F /* Protocols */ = {
			isa = PBXGroup;
			children = (
				F4763DEE2EF0A2C9007F7C8F /* NFTViewProtocol.swift */,
				F4763DEF2EF0A2C9007F7C8F /* ProfileViewProtocol.swift */,
				F4763DF02EF0A2C9007F7C8F /* ProfilePresenterProtocol.swift */,
				F4763DF12EF0A2C9007F7C8F /* NFTPresenterProtocol.swift */,
			);
			path = Protocols;
			sourceTree = "<group>";
		};
		F4763E072EF0A377007F7C8F /* ProfileServices */ = {
			isa = PBXGroup;
			children = (
				F4763E082EF0A377007F7C8F /* MockData */,
				F4763E0C2EF0A377007F7C8F /* Network */,
				F4763E142EF0A377007F7C8F /* Agents */,
				F4763E192EF0A377007F7C8F /* DTOs */,
			);
			path = ProfileServices;
			sourceTree = "<group>";
		};
		F4763E082EF0A377007F7C8F /* MockData */ = {
			isa = PBXGroup;
			children = (
				F4763E092EF0A377007F7C8F /* FakeNFTMockDataBackendService.swift */,
				F4763E0A2EF0A377007F7C8F /* FakeNFTUserDefaultsKeeperService.swift */,
				F4763E0B2EF0A377007F7C8F /* FakeNFTMockData.swift */,
			);
			path = MockData;
			sourceTree = "<group>";
		};
		F4763E0C2EF0A377007F7C8F /* Network */ = {
			isa = PBXGroup;
			children = (
				F4763E0D2EF0A377007F7C8F /* SaveProfileDto.swift */,
				F4763E0F2EF0A377007F7C8F /* ProfilePutResponse.swift */,
				F4763E122EF0A377007F7C8F /* ProfileStorage.swift */,
				F4763E132EF0A377007F7C8F /* ProfilePutRequest.swift */,
			);
			path = Network;
			sourceTree = "<group>";
		};
		F4763E142EF0A377007F7C8F /* Agents */ = {
			isa = PBXGroup;
			children = (
				F4763E152EF0A377007F7C8F /* FakeNFTModelServiceAgent.swift */,
				F4763E162EF0A377007F7C8F /* FakeNFTModelServiceAgentProtocol.swift */,
				F4763E172EF0A377007F7C8F /* FakeNFTMockDataServiceAgent.swift */,
				F4763E182EF0A377007F7C8F /* FakeNFTModelServicesNotifications.swift */,
			);
			path = Agents;
			sourceTree = "<group>";
		};
		F4763E192EF0A377007F7C8F /* DTOs */ = {
			isa = PBXGroup;
			children = (
				F4763E1A2EF0A377007F7C8F /* ProfileDto.swift */,
				F4763E1B2EF0A377007F7C8F /* NFTDto.swift */,
			);
			path = DTOs;
			sourceTree = "<group>";
		};
		F4763E2C2EF0A3B7007F7C8F /* Protocols */ = {
			isa = PBXGroup;
			children = (
				F4763E2D2EF0A3B7007F7C8F /* FakeNFTUserDefaultsKeeperProtocol.swift */,
				F4763E2E2EF0A3B7007F7C8F /* FakeNFTModelServiceProtocol.swift */,
				F4763E2F2EF0A3B7007F7C8F /* FakeNFTModelTestsHelperMethodsProtocol.swift */,
				F4763E302EF0A3B7007F7C8F /* FakeNFTBackendServiceProtocol.swift */,
			);
			name = Protocols;
			path = FakeNFT/Services/Protocols;
			sourceTree = SOURCE_ROOT;
		};
		F4E985142EF0AC9C008A90E4 /* Frameworks */ = {
			isa = PBXGroup;
			children = (
			);
			name = Frameworks;
			sourceTree = "<group>";
		};
/* End PBXGroup section */

/* Begin PBXNativeTarget section */
		3F68069229CBBAF100B4F915 /* FakeNFT */ = {
			isa = PBXNativeTarget;
			buildConfigurationList = 3F6806BD29CBBAF200B4F915 /* Build configuration list for PBXNativeTarget "FakeNFT" */;
			buildPhases = (
				3F68068F29CBBAF100B4F915 /* Sources */,
				3F68069029CBBAF100B4F915 /* Frameworks */,
				3F68069129CBBAF100B4F915 /* Resources */,
			);
			buildRules = (
			);
			dependencies = (
			);
			name = FakeNFT;
			packageProductDependencies = (
				F4E985122EF0AC75008A90E4 /* ProgressHUD */,
				F4E985152EF0AC9C008A90E4 /* Kingfisher */,
			);
			productName = FakeNFT;
			productReference = 3F68069329CBBAF100B4F915 /* FakeNFT.app */;
			productType = "com.apple.product-type.application";
		};
		3F6806A829CBBAF200B4F915 /* FakeNFTTests */ = {
			isa = PBXNativeTarget;
			buildConfigurationList = 3F6806C029CBBAF200B4F915 /* Build configuration list for PBXNativeTarget "FakeNFTTests" */;
			buildPhases = (
				3F6806A529CBBAF200B4F915 /* Sources */,
				3F6806A629CBBAF200B4F915 /* Frameworks */,
				3F6806A729CBBAF200B4F915 /* Resources */,
			);
			buildRules = (
			);
			dependencies = (
				3F6806AB29CBBAF200B4F915 /* PBXTargetDependency */,
			);
			name = FakeNFTTests;
			productName = FakeNFTTests;
			productReference = 3F6806A929CBBAF200B4F915 /* FakeNFTTests.xctest */;
			productType = "com.apple.product-type.bundle.unit-test";
		};
		3F6806B229CBBAF200B4F915 /* FakeNFTUITests */ = {
			isa = PBXNativeTarget;
			buildConfigurationList = 3F6806C329CBBAF200B4F915 /* Build configuration list for PBXNativeTarget "FakeNFTUITests" */;
			buildPhases = (
				3F6806AF29CBBAF200B4F915 /* Sources */,
				3F6806B029CBBAF200B4F915 /* Frameworks */,
				3F6806B129CBBAF200B4F915 /* Resources */,
			);
			buildRules = (
			);
			dependencies = (
				3F6806B529CBBAF200B4F915 /* PBXTargetDependency */,
			);
			name = FakeNFTUITests;
			productName = FakeNFTUITests;
			productReference = 3F6806B329CBBAF200B4F915 /* FakeNFTUITests.xctest */;
			productType = "com.apple.product-type.bundle.ui-testing";
		};
/* End PBXNativeTarget section */

/* Begin PBXProject section */
		3F68068B29CBBAF100B4F915 /* Project object */ = {
			isa = PBXProject;
			attributes = {
				BuildIndependentTargetsInParallel = 1;
				LastSwiftUpdateCheck = 1420;
				LastUpgradeCheck = 1640;
				TargetAttributes = {
					3F68069229CBBAF100B4F915 = {
						CreatedOnToolsVersion = 14.2;
					};
					3F6806A829CBBAF200B4F915 = {
						CreatedOnToolsVersion = 14.2;
						TestTargetID = 3F68069229CBBAF100B4F915;
					};
					3F6806B229CBBAF200B4F915 = {
						CreatedOnToolsVersion = 14.2;
						TestTargetID = 3F68069229CBBAF100B4F915;
					};
				};
			};
			buildConfigurationList = 3F68068E29CBBAF100B4F915 /* Build configuration list for PBXProject "FakeNFT" */;
			compatibilityVersion = "Xcode 14.0";
			developmentRegion = ru;
			hasScannedForEncodings = 0;
			knownRegions = (
				en,
				Base,
				ru,
			);
			mainGroup = 3F68068A29CBBAF100B4F915;
			packageReferences = (
				F4E985102EF0AC13008A90E4 /* XCRemoteSwiftPackageReference "Kingfisher" */,
				F4E985112EF0AC75008A90E4 /* XCRemoteSwiftPackageReference "ProgressHUD" */,
			);
			productRefGroup = 3F68069429CBBAF100B4F915 /* Products */;
			projectDirPath = "";
			projectRoot = "";
			targets = (
				3F68069229CBBAF100B4F915 /* FakeNFT */,
				3F6806A829CBBAF200B4F915 /* FakeNFTTests */,
				3F6806B229CBBAF200B4F915 /* FakeNFTUITests */,
			);
		};
/* End PBXProject section */

/* Begin PBXResourcesBuildPhase section */
		3F68069129CBBAF100B4F915 /* Resources */ = {
			isa = PBXResourcesBuildPhase;
			buildActionMask = 2147483647;
			files = (
				3F6806A329CBBAF200B4F915 /* LaunchScreen.storyboard in Resources */,
				E1CD40DC2A96BECC00BE7FE8 /* Localizable.strings in Resources */,
				3F6806A029CBBAF200B4F915 /* Assets.xcassets in Resources */,
				3F68069E29CBBAF100B4F915 /* Main.storyboard in Resources */,
			);
			runOnlyForDeploymentPostprocessing = 0;
		};
		3F6806A729CBBAF200B4F915 /* Resources */ = {
			isa = PBXResourcesBuildPhase;
			buildActionMask = 2147483647;
			files = (
			);
			runOnlyForDeploymentPostprocessing = 0;
		};
		3F6806B129CBBAF200B4F915 /* Resources */ = {
			isa = PBXResourcesBuildPhase;
			buildActionMask = 2147483647;
			files = (
			);
			runOnlyForDeploymentPostprocessing = 0;
		};
/* End PBXResourcesBuildPhase section */

/* Begin PBXSourcesBuildPhase section */
		3F68068F29CBBAF100B4F915 /* Sources */ = {
			isa = PBXSourcesBuildPhase;
			buildActionMask = 2147483647;
			files = (
				C05B45302EDF3D54008BE8CB /* UpdateOrderDto.swift in Sources */,
				F4763DCE2EF0A206007F7C8F /* ProfileCellModel.swift in Sources */,
				F4763E1C2EF0A377007F7C8F /* FakeNFTMockDataBackendService.swift in Sources */,
				C05B45752EEBDC0B008BE8CB /* AppURLs.swift in Sources */,
				F4763DF22EF0A2C9007F7C8F /* ProfileSceneConstants.swift in Sources */,
				F4763E292EF0A377007F7C8F /* FakeNFTModelServicesNotifications.swift in Sources */,
				3FC8C38B29D242E90081F015 /* ProductDetailsTableViewCell.swift in Sources */,
				F4763DCD2EF0A206007F7C8F /* RuntimeError.swift in Sources */,
				F4763DD12EF0A206007F7C8F /* ProfileModel.swift in Sources */,
				C05B453C2EE59E6F008BE8CB /* NFTCardViewProtocol.swift in Sources */,
				C05B45482EE883F2008BE8CB /* CurrencyResponse.swift in Sources */,
				F4763DCC2EF0A206007F7C8F /* NFTModel.swift in Sources */,
				3F478ECF29DB474E00F6D39E /* Colors.swift in Sources */,
				C05B45522EE9DD9E008BE8CB /* CurrencyID.swift in Sources */,
				F4763E042EF0A2C9007F7C8F /* ProfileViewProtocol.swift in Sources */,
				0C79EE662A76DDFF00EE90EA /* NftDetailViewController.swift in Sources */,
				C05B45342EDF3DF3008BE8CB /* OrderService.swift in Sources */,
				C05B454C2EE88436008BE8CB /* CurrencyRequest.swift in Sources */,
				C05B44FF2ED17B27008BE8CB /* NFTItem.swift in Sources */,
				E1A1B9DA2AA01CE400C3AFBC /* TabBarController.swift in Sources */,
				C05B45462EE88112008BE8CB /* UIImage+Rating.swift in Sources */,
				C05B44F72ED176C4008BE8CB /* CatalogPresenter.swift in Sources */,
				3F478ED129DB476500F6D39E /* Fonts.swift in Sources */,
				F4763E272EF0A377007F7C8F /* FakeNFTModelServiceAgentProtocol.swift in Sources */,
				C05B452C2EDF3C94008BE8CB /* OrderResponse.swift in Sources */,
				F4763DF72EF0A2C9007F7C8F /* EditProfileViewController+ProfileViewProtocol.swift in Sources */,
				F4763E022EF0A2C9007F7C8F /* NFTPresenter.swift in Sources */,
				C05B453E2EE59F06008BE8CB /* NFTCardPresenter.swift in Sources */,
				0C79EE6A2A76DE1000EE90EA /* NftDetailAssembly.swift in Sources */,
				3FC8C39329D246BA0081F015 /* DateFormatters+Presets.swift in Sources */,
				F4763DFB2EF0A2C9007F7C8F /* ProfileTableViewCell.swift in Sources */,
				0CFCB7422A78013E0009A829 /* Nft.swift in Sources */,
				C05B451C2EDC8BAB008BE8CB /* CollectionByIdRequest.swift in Sources */,
				C05B454E2EE88459008BE8CB /* CurrencyService.swift in Sources */,
				0CF2C2DD2A783CE600FDC837 /* ErrorView.swift in Sources */,
				C05B45072ED1AF40008BE8CB /* CollectionsService.swift in Sources */,
				F4763DF62EF0A2C9007F7C8F /* EditProfileViewController.swift in Sources */,
				F4763E212EF0A377007F7C8F /* ProfilePutResponse.swift in Sources */,
				F4763E342EF0A3B7007F7C8F /* FakeNFTBackendServiceProtocol.swift in Sources */,
				F4763E032EF0A2C9007F7C8F /* NFTViewProtocol.swift in Sources */,
				0C79EE682A76DE0900EE90EA /* NftDetailPresenter.swift in Sources */,
				C05B45732EEBD7AC008BE8CB /* NFTSelectionData.swift in Sources */,
				C05B45282EDDEEAA008BE8CB /* UpdateProfileDto.swift in Sources */,
				3F68069B29CBBAF100B4F915 /* ProductDetailsTableViewController.swift in Sources */,
				C05B44F92ED176E0008BE8CB /* TableCell.swift in Sources */,
				C05B45162EDB0160008BE8CB /* CollectionPresenter.swift in Sources */,
				C05B454A2EE88415008BE8CB /* Currency.swift in Sources */,
				0CFCB7402A78002A0009A829 /* ExamplePutService.swift in Sources */,
				F4763DC22EF0A088007F7C8F /* ProfileViewColors.swift in Sources */,
				F4763E322EF0A3B7007F7C8F /* FakeNFTModelServiceProtocol.swift in Sources */,
				F4763E282EF0A377007F7C8F /* FakeNFTMockDataServiceAgent.swift in Sources */,
				F4763DCF2EF0A206007F7C8F /* UserNFTCollectionSortField.swift in Sources */,
				F4763E252EF0A377007F7C8F /* ProfilePutRequest.swift in Sources */,
				F4763E002EF0A2C9007F7C8F /* FavoriteNftsCollectionViewCell.swift in Sources */,
				C05B45142EDB010F008BE8CB /* CollectionInput.swift in Sources */,
				C05B45032ED1AAB3008BE8CB /* CollectionsRequest.swift in Sources */,
				3F6806D529CBBEC700B4F915 /* NetworkTask.swift in Sources */,
				C05B450C2EDAF7CA008BE8CB /* CollectionViewController.swift in Sources */,
				F4763E062EF0A2C9007F7C8F /* NFTPresenterProtocol.swift in Sources */,
				C05B450A2ED4A6B3008BE8CB /* CatalogUserDefaultsKeys.swift in Sources */,
				C05B45202EDC8DEB008BE8CB /* CollectionDetailResponse.swift in Sources */,
				C05B45182EDB0214008BE8CB /* CollectionAssembly.swift in Sources */,
				0CF2C2DB2A783C1B00FDC837 /* LoadingView.swift in Sources */,
				C05B44FB2ED176F8008BE8CB /* CatalogViewProtocol.swift in Sources */,
				F4763E1D2EF0A377007F7C8F /* FakeNFTUserDefaultsKeeperService.swift in Sources */,
				C05B45262EDDE79A008BE8CB /* ProfileService.swift in Sources */,
				558E39E72C68CE0A00FB86AC /* NftService.swift in Sources */,
				C05B45242EDDE769008BE8CB /* ProfileRequest.swift in Sources */,
				F4763DC02EF09DEC007F7C8F /* RequestConstants.swift in Sources */,
				C05B452E2EDF3D06008BE8CB /* OrderRequest.swift in Sources */,
				F4763E012EF0A2C9007F7C8F /* FavoriteNftsCollectionView+NFTViewProtocol.swift in Sources */,
				3F68069729CBBAF100B4F915 /* AppDelegate.swift in Sources */,
				F4763E1F2EF0A377007F7C8F /* SaveProfileDto.swift in Sources */,
				3F68069929CBBAF100B4F915 /* SceneDelegate.swift in Sources */,
				0C79EE6C2A76DE2E00EE90EA /* ServicesAssemly.swift in Sources */,
				0CFCB74E2A7817DC0009A829 /* NftStorage.swift in Sources */,
				3FC8C39129D2453B0081F015 /* ExamplePutRequest.swift in Sources */,
				0CFCB7462A78064B0009A829 /* NftDetailCellModel.swift in Sources */,
				F4763E312EF0A3B7007F7C8F /* FakeNFTUserDefaultsKeeperProtocol.swift in Sources */,
				F4763DF92EF0A2C9007F7C8F /* ProfileViewController+ProfileViewProtocol.swift in Sources */,
				F4763DF52EF0A2C9007F7C8F /* UITextField+Extensions.swift in Sources */,
				0CFCB74B2A780EA80009A829 /* UIView+Constraints.swift in Sources */,
				C05B45052ED1AE2F008BE8CB /* CollectionResponse.swift in Sources */,
				F4763E332EF0A3B7007F7C8F /* FakeNFTModelTestsHelperMethodsProtocol.swift in Sources */,
				C05B45712EEBD519008BE8CB /* CollectionRouter.swift in Sources */,
				3F6806D729CBC50A00B4F915 /* CellsReusingUtils.swift in Sources */,
				C05B45392EE59E39008BE8CB /* NFTCardInput.swift in Sources */,
				C05B45442EE5DB06008BE8CB /* CurrencyCell.swift in Sources */,
				C05B44FD2ED1770E008BE8CB /* NFTCollection.swift in Sources */,
				C05B45222EDDE718008BE8CB /* ProfileResponse.swift in Sources */,
				0C79EE612A76DCD600EE90EA /* NftByIdRequest.swift in Sources */,
				F4763E1E2EF0A377007F7C8F /* FakeNFTMockData.swift in Sources */,
				F4763DFE2EF0A2C9007F7C8F /* MyNftTableViewCell.swift in Sources */,
				F4763DFF2EF0A2C9007F7C8F /* FavoriteNftsViewController.swift in Sources */,
				C05B45422EE59FD9008BE8CB /* NFTCardAssembly.swift in Sources */,
				F4763E2B2EF0A377007F7C8F /* NFTDto.swift in Sources */,
				F4763E2A2EF0A377007F7C8F /* ProfileDto.swift in Sources */,
				F4763DD02EF0A206007F7C8F /* AppDataSourceType.swift in Sources */,
				F4763E052EF0A2C9007F7C8F /* ProfilePresenterProtocol.swift in Sources */,
				F4763DF32EF0A2C9007F7C8F /* WebViewViewController.swift in Sources */,
				C05B45012ED17B5E008BE8CB /* AuthorModel.swift in Sources */,
				E19CD5AB2A98B56600CA39A5 /* NftImageCollectionViewCell.swift in Sources */,
				C05B45402EE59FA6008BE8CB /* NFTCardViewController.swift in Sources */,
				0CF2C2E12A784C7000FDC837 /* LinePageControl.swift in Sources */,
				3F6806D329CBBE9600B4F915 /* NetworkRequest.swift in Sources */,
				F4763DFD2EF0A2C9007F7C8F /* MyNftViewController.swift in Sources */,
				0CFCB7492A7808900009A829 /* CatalogViewController.swift in Sources */,
				C05B452A2EDDEF1A008BE8CB /* UpdateProfileRequest.swift in Sources */,
				C05B45122EDAFFAE008BE8CB /* CollectionViewProtocol.swift in Sources */,
				F4763E242EF0A377007F7C8F /* ProfileStorage.swift in Sources */,
				C05B45322EDF3DB0008BE8CB /* UpdateOrderRequest.swift in Sources */,
				F4763E262EF0A377007F7C8F /* FakeNFTModelServiceAgent.swift in Sources */,
				3F6806D129CBBE6B00B4F915 /* NetworkClient.swift in Sources */,
				C05B451A2EDB5BA8008BE8CB /* CollectionCell.swift in Sources */,
				F4763DF42EF0A2C9007F7C8F /* UIImage+Extensions.swift in Sources */,
				F4763DF82EF0A2C9007F7C8F /* ProfilePresenter.swift in Sources */,
				F4763DFA2EF0A2C9007F7C8F /* ProfileViewController.swift in Sources */,
				0CFCB7442A7802440009A829 /* NftDetailInput.swift in Sources */,
				F4763DFC2EF0A2C9007F7C8F /* MyNftViewController+NFTViewProtocol.swift in Sources */,
				C05B45372EE57FCE008BE8CB /* SplashViewController.swift in Sources */,
			);
			runOnlyForDeploymentPostprocessing = 0;
		};
		3F6806A529CBBAF200B4F915 /* Sources */ = {
			isa = PBXSourcesBuildPhase;
			buildActionMask = 2147483647;
			files = (
				3F6806AE29CBBAF200B4F915 /* ExampleUnitTests.swift in Sources */,
			);
			runOnlyForDeploymentPostprocessing = 0;
		};
		3F6806AF29CBBAF200B4F915 /* Sources */ = {
			isa = PBXSourcesBuildPhase;
			buildActionMask = 2147483647;
			files = (
				3F6806B829CBBAF200B4F915 /* FakeNFTUITests.swift in Sources */,
			);
			runOnlyForDeploymentPostprocessing = 0;
		};
/* End PBXSourcesBuildPhase section */

/* Begin PBXTargetDependency section */
		3F6806AB29CBBAF200B4F915 /* PBXTargetDependency */ = {
			isa = PBXTargetDependency;
			target = 3F68069229CBBAF100B4F915 /* FakeNFT */;
			targetProxy = 3F6806AA29CBBAF200B4F915 /* PBXContainerItemProxy */;
		};
		3F6806B529CBBAF200B4F915 /* PBXTargetDependency */ = {
			isa = PBXTargetDependency;
			target = 3F68069229CBBAF100B4F915 /* FakeNFT */;
			targetProxy = 3F6806B429CBBAF200B4F915 /* PBXContainerItemProxy */;
		};
/* End PBXTargetDependency section */

/* Begin PBXVariantGroup section */
		3F68069C29CBBAF100B4F915 /* Main.storyboard */ = {
			isa = PBXVariantGroup;
			children = (
				3F68069D29CBBAF100B4F915 /* Base */,
				E1CD40D82A96BE7D00BE7FE8 /* ru */,
			);
			name = Main.storyboard;
			sourceTree = "<group>";
		};
		3F6806A129CBBAF200B4F915 /* LaunchScreen.storyboard */ = {
			isa = PBXVariantGroup;
			children = (
				3F6806A229CBBAF200B4F915 /* Base */,
				E1CD40D92A96BE7D00BE7FE8 /* ru */,
			);
			name = LaunchScreen.storyboard;
			sourceTree = "<group>";
		};
/* End PBXVariantGroup section */

/* Begin XCBuildConfiguration section */
		3F6806BB29CBBAF200B4F915 /* Debug */ = {
			isa = XCBuildConfiguration;
			buildSettings = {
				ALWAYS_SEARCH_USER_PATHS = NO;
				CLANG_ANALYZER_LOCALIZABILITY_NONLOCALIZED = YES;
				CLANG_ANALYZER_NONNULL = YES;
				CLANG_ANALYZER_NUMBER_OBJECT_CONVERSION = YES_AGGRESSIVE;
				CLANG_CXX_LANGUAGE_STANDARD = "gnu++20";
				CLANG_ENABLE_MODULES = YES;
				CLANG_ENABLE_OBJC_ARC = YES;
				CLANG_ENABLE_OBJC_WEAK = YES;
				CLANG_WARN_BLOCK_CAPTURE_AUTORELEASING = YES;
				CLANG_WARN_BOOL_CONVERSION = YES;
				CLANG_WARN_COMMA = YES;
				CLANG_WARN_CONSTANT_CONVERSION = YES;
				CLANG_WARN_DEPRECATED_OBJC_IMPLEMENTATIONS = YES;
				CLANG_WARN_DIRECT_OBJC_ISA_USAGE = YES_ERROR;
				CLANG_WARN_DOCUMENTATION_COMMENTS = YES;
				CLANG_WARN_EMPTY_BODY = YES;
				CLANG_WARN_ENUM_CONVERSION = YES;
				CLANG_WARN_INFINITE_RECURSION = YES;
				CLANG_WARN_INT_CONVERSION = YES;
				CLANG_WARN_NON_LITERAL_NULL_CONVERSION = YES;
				CLANG_WARN_OBJC_IMPLICIT_RETAIN_SELF = YES;
				CLANG_WARN_OBJC_LITERAL_CONVERSION = YES;
				CLANG_WARN_OBJC_ROOT_CLASS = YES_ERROR;
				CLANG_WARN_QUOTED_INCLUDE_IN_FRAMEWORK_HEADER = YES;
				CLANG_WARN_RANGE_LOOP_ANALYSIS = YES;
				CLANG_WARN_STRICT_PROTOTYPES = YES;
				CLANG_WARN_SUSPICIOUS_MOVE = YES;
				CLANG_WARN_UNGUARDED_AVAILABILITY = YES_AGGRESSIVE;
				CLANG_WARN_UNREACHABLE_CODE = YES;
				CLANG_WARN__DUPLICATE_METHOD_MATCH = YES;
				COPY_PHASE_STRIP = NO;
				DEBUG_INFORMATION_FORMAT = dwarf;
				ENABLE_STRICT_OBJC_MSGSEND = YES;
				ENABLE_TESTABILITY = YES;
				ENABLE_USER_SCRIPT_SANDBOXING = YES;
				GCC_C_LANGUAGE_STANDARD = gnu11;
				GCC_DYNAMIC_NO_PIC = NO;
				GCC_NO_COMMON_BLOCKS = YES;
				GCC_OPTIMIZATION_LEVEL = 0;
				GCC_PREPROCESSOR_DEFINITIONS = (
					"DEBUG=1",
					"$(inherited)",
				);
				GCC_WARN_64_TO_32_BIT_CONVERSION = YES;
				GCC_WARN_ABOUT_RETURN_TYPE = YES_ERROR;
				GCC_WARN_UNDECLARED_SELECTOR = YES;
				GCC_WARN_UNINITIALIZED_AUTOS = YES_AGGRESSIVE;
				GCC_WARN_UNUSED_FUNCTION = YES;
				GCC_WARN_UNUSED_VARIABLE = YES;
				IPHONEOS_DEPLOYMENT_TARGET = 13.0;
				MTL_ENABLE_DEBUG_INFO = INCLUDE_SOURCE;
				MTL_FAST_MATH = YES;
				ONLY_ACTIVE_ARCH = YES;
				SDKROOT = iphoneos;
				SWIFT_ACTIVE_COMPILATION_CONDITIONS = DEBUG;
				SWIFT_OPTIMIZATION_LEVEL = "-Onone";
			};
			name = Debug;
		};
		3F6806BC29CBBAF200B4F915 /* Release */ = {
			isa = XCBuildConfiguration;
			buildSettings = {
				ALWAYS_SEARCH_USER_PATHS = NO;
				CLANG_ANALYZER_LOCALIZABILITY_NONLOCALIZED = YES;
				CLANG_ANALYZER_NONNULL = YES;
				CLANG_ANALYZER_NUMBER_OBJECT_CONVERSION = YES_AGGRESSIVE;
				CLANG_CXX_LANGUAGE_STANDARD = "gnu++20";
				CLANG_ENABLE_MODULES = YES;
				CLANG_ENABLE_OBJC_ARC = YES;
				CLANG_ENABLE_OBJC_WEAK = YES;
				CLANG_WARN_BLOCK_CAPTURE_AUTORELEASING = YES;
				CLANG_WARN_BOOL_CONVERSION = YES;
				CLANG_WARN_COMMA = YES;
				CLANG_WARN_CONSTANT_CONVERSION = YES;
				CLANG_WARN_DEPRECATED_OBJC_IMPLEMENTATIONS = YES;
				CLANG_WARN_DIRECT_OBJC_ISA_USAGE = YES_ERROR;
				CLANG_WARN_DOCUMENTATION_COMMENTS = YES;
				CLANG_WARN_EMPTY_BODY = YES;
				CLANG_WARN_ENUM_CONVERSION = YES;
				CLANG_WARN_INFINITE_RECURSION = YES;
				CLANG_WARN_INT_CONVERSION = YES;
				CLANG_WARN_NON_LITERAL_NULL_CONVERSION = YES;
				CLANG_WARN_OBJC_IMPLICIT_RETAIN_SELF = YES;
				CLANG_WARN_OBJC_LITERAL_CONVERSION = YES;
				CLANG_WARN_OBJC_ROOT_CLASS = YES_ERROR;
				CLANG_WARN_QUOTED_INCLUDE_IN_FRAMEWORK_HEADER = YES;
				CLANG_WARN_RANGE_LOOP_ANALYSIS = YES;
				CLANG_WARN_STRICT_PROTOTYPES = YES;
				CLANG_WARN_SUSPICIOUS_MOVE = YES;
				CLANG_WARN_UNGUARDED_AVAILABILITY = YES_AGGRESSIVE;
				CLANG_WARN_UNREACHABLE_CODE = YES;
				CLANG_WARN__DUPLICATE_METHOD_MATCH = YES;
				COPY_PHASE_STRIP = NO;
				DEBUG_INFORMATION_FORMAT = "dwarf-with-dsym";
				ENABLE_NS_ASSERTIONS = NO;
				ENABLE_STRICT_OBJC_MSGSEND = YES;
				ENABLE_USER_SCRIPT_SANDBOXING = YES;
				GCC_C_LANGUAGE_STANDARD = gnu11;
				GCC_NO_COMMON_BLOCKS = YES;
				GCC_WARN_64_TO_32_BIT_CONVERSION = YES;
				GCC_WARN_ABOUT_RETURN_TYPE = YES_ERROR;
				GCC_WARN_UNDECLARED_SELECTOR = YES;
				GCC_WARN_UNINITIALIZED_AUTOS = YES_AGGRESSIVE;
				GCC_WARN_UNUSED_FUNCTION = YES;
				GCC_WARN_UNUSED_VARIABLE = YES;
				IPHONEOS_DEPLOYMENT_TARGET = 13.0;
				MTL_ENABLE_DEBUG_INFO = NO;
				MTL_FAST_MATH = YES;
				SDKROOT = iphoneos;
				SWIFT_COMPILATION_MODE = wholemodule;
				SWIFT_OPTIMIZATION_LEVEL = "-O";
				VALIDATE_PRODUCT = YES;
			};
			name = Release;
		};
		3F6806BE29CBBAF200B4F915 /* Debug */ = {
			isa = XCBuildConfiguration;
			buildSettings = {
				ASSETCATALOG_COMPILER_APPICON_NAME = AppIcon;
				ASSETCATALOG_COMPILER_GLOBAL_ACCENT_COLOR_NAME = AccentColor;
				CODE_SIGN_STYLE = Automatic;
				CURRENT_PROJECT_VERSION = 1;
				DEVELOPMENT_TEAM = U7K23KLWCJ;
				GENERATE_INFOPLIST_FILE = YES;
				INFOPLIST_FILE = FakeNFT/Info.plist;
				INFOPLIST_KEY_UIApplicationSupportsIndirectInputEvents = YES;
				INFOPLIST_KEY_UILaunchStoryboardName = LaunchScreen;
				INFOPLIST_KEY_UIMainStoryboardFile = Main;
				INFOPLIST_KEY_UISupportedInterfaceOrientations_iPad = "UIInterfaceOrientationPortrait UIInterfaceOrientationPortraitUpsideDown UIInterfaceOrientationLandscapeLeft UIInterfaceOrientationLandscapeRight";
				INFOPLIST_KEY_UISupportedInterfaceOrientations_iPhone = "UIInterfaceOrientationPortrait UIInterfaceOrientationLandscapeLeft UIInterfaceOrientationLandscapeRight";
				IPHONEOS_DEPLOYMENT_TARGET = 13.0;
				LD_RUNPATH_SEARCH_PATHS = (
					"$(inherited)",
					"@executable_path/Frameworks",
				);
				MARKETING_VERSION = 1.0;
				PRODUCT_BUNDLE_IDENTIFIER = "com.practicum.FakeNFT-diplom";
				PRODUCT_NAME = "$(TARGET_NAME)";
				SWIFT_EMIT_LOC_STRINGS = YES;
				SWIFT_VERSION = 5.0;
				TARGETED_DEVICE_FAMILY = "1,2";
			};
			name = Debug;
		};
		3F6806BF29CBBAF200B4F915 /* Release */ = {
			isa = XCBuildConfiguration;
			buildSettings = {
				ASSETCATALOG_COMPILER_APPICON_NAME = AppIcon;
				ASSETCATALOG_COMPILER_GLOBAL_ACCENT_COLOR_NAME = AccentColor;
				CODE_SIGN_STYLE = Automatic;
				CURRENT_PROJECT_VERSION = 1;
				DEVELOPMENT_TEAM = U7K23KLWCJ;
				GENERATE_INFOPLIST_FILE = YES;
				INFOPLIST_FILE = FakeNFT/Info.plist;
				INFOPLIST_KEY_UIApplicationSupportsIndirectInputEvents = YES;
				INFOPLIST_KEY_UILaunchStoryboardName = LaunchScreen;
				INFOPLIST_KEY_UIMainStoryboardFile = Main;
				INFOPLIST_KEY_UISupportedInterfaceOrientations_iPad = "UIInterfaceOrientationPortrait UIInterfaceOrientationPortraitUpsideDown UIInterfaceOrientationLandscapeLeft UIInterfaceOrientationLandscapeRight";
				INFOPLIST_KEY_UISupportedInterfaceOrientations_iPhone = "UIInterfaceOrientationPortrait UIInterfaceOrientationLandscapeLeft UIInterfaceOrientationLandscapeRight";
				IPHONEOS_DEPLOYMENT_TARGET = 13.0;
				LD_RUNPATH_SEARCH_PATHS = (
					"$(inherited)",
					"@executable_path/Frameworks",
				);
				MARKETING_VERSION = 1.0;
				PRODUCT_BUNDLE_IDENTIFIER = "com.practicum.FakeNFT-diplom";
				PRODUCT_NAME = "$(TARGET_NAME)";
				SWIFT_EMIT_LOC_STRINGS = YES;
				SWIFT_VERSION = 5.0;
				TARGETED_DEVICE_FAMILY = "1,2";
			};
			name = Release;
		};
		3F6806C129CBBAF200B4F915 /* Debug */ = {
			isa = XCBuildConfiguration;
			buildSettings = {
				BUNDLE_LOADER = "$(TEST_HOST)";
				CODE_SIGN_STYLE = Automatic;
				CURRENT_PROJECT_VERSION = 1;
				GENERATE_INFOPLIST_FILE = YES;
				IPHONEOS_DEPLOYMENT_TARGET = 16.2;
				MARKETING_VERSION = 1.0;
				PRODUCT_BUNDLE_IDENTIFIER = com.practicum.FakeNFTTests;
				PRODUCT_NAME = "$(TARGET_NAME)";
				SWIFT_EMIT_LOC_STRINGS = NO;
				SWIFT_VERSION = 5.0;
				TARGETED_DEVICE_FAMILY = "1,2";
				TEST_HOST = "$(BUILT_PRODUCTS_DIR)/FakeNFT.app/$(BUNDLE_EXECUTABLE_FOLDER_PATH)/FakeNFT";
			};
			name = Debug;
		};
		3F6806C229CBBAF200B4F915 /* Release */ = {
			isa = XCBuildConfiguration;
			buildSettings = {
				BUNDLE_LOADER = "$(TEST_HOST)";
				CODE_SIGN_STYLE = Automatic;
				CURRENT_PROJECT_VERSION = 1;
				GENERATE_INFOPLIST_FILE = YES;
				IPHONEOS_DEPLOYMENT_TARGET = 16.2;
				MARKETING_VERSION = 1.0;
				PRODUCT_BUNDLE_IDENTIFIER = com.practicum.FakeNFTTests;
				PRODUCT_NAME = "$(TARGET_NAME)";
				SWIFT_EMIT_LOC_STRINGS = NO;
				SWIFT_VERSION = 5.0;
				TARGETED_DEVICE_FAMILY = "1,2";
				TEST_HOST = "$(BUILT_PRODUCTS_DIR)/FakeNFT.app/$(BUNDLE_EXECUTABLE_FOLDER_PATH)/FakeNFT";
			};
			name = Release;
		};
		3F6806C429CBBAF200B4F915 /* Debug */ = {
			isa = XCBuildConfiguration;
			buildSettings = {
				CODE_SIGN_STYLE = Automatic;
				CURRENT_PROJECT_VERSION = 1;
				GENERATE_INFOPLIST_FILE = YES;
				MARKETING_VERSION = 1.0;
				PRODUCT_BUNDLE_IDENTIFIER = com.practicum.FakeNFTUITests;
				PRODUCT_NAME = "$(TARGET_NAME)";
				SWIFT_EMIT_LOC_STRINGS = NO;
				SWIFT_VERSION = 5.0;
				TARGETED_DEVICE_FAMILY = "1,2";
				TEST_TARGET_NAME = FakeNFT;
			};
			name = Debug;
		};
		3F6806C529CBBAF200B4F915 /* Release */ = {
			isa = XCBuildConfiguration;
			buildSettings = {
				CODE_SIGN_STYLE = Automatic;
				CURRENT_PROJECT_VERSION = 1;
				GENERATE_INFOPLIST_FILE = YES;
				MARKETING_VERSION = 1.0;
				PRODUCT_BUNDLE_IDENTIFIER = com.practicum.FakeNFTUITests;
				PRODUCT_NAME = "$(TARGET_NAME)";
				SWIFT_EMIT_LOC_STRINGS = NO;
				SWIFT_VERSION = 5.0;
				TARGETED_DEVICE_FAMILY = "1,2";
				TEST_TARGET_NAME = FakeNFT;
			};
			name = Release;
		};
/* End XCBuildConfiguration section */

/* Begin XCConfigurationList section */
		3F68068E29CBBAF100B4F915 /* Build configuration list for PBXProject "FakeNFT" */ = {
			isa = XCConfigurationList;
			buildConfigurations = (
				3F6806BB29CBBAF200B4F915 /* Debug */,
				3F6806BC29CBBAF200B4F915 /* Release */,
			);
			defaultConfigurationIsVisible = 0;
			defaultConfigurationName = Release;
		};
		3F6806BD29CBBAF200B4F915 /* Build configuration list for PBXNativeTarget "FakeNFT" */ = {
			isa = XCConfigurationList;
			buildConfigurations = (
				3F6806BE29CBBAF200B4F915 /* Debug */,
				3F6806BF29CBBAF200B4F915 /* Release */,
			);
			defaultConfigurationIsVisible = 0;
			defaultConfigurationName = Release;
		};
		3F6806C029CBBAF200B4F915 /* Build configuration list for PBXNativeTarget "FakeNFTTests" */ = {
			isa = XCConfigurationList;
			buildConfigurations = (
				3F6806C129CBBAF200B4F915 /* Debug */,
				3F6806C229CBBAF200B4F915 /* Release */,
			);
			defaultConfigurationIsVisible = 0;
			defaultConfigurationName = Release;
		};
		3F6806C329CBBAF200B4F915 /* Build configuration list for PBXNativeTarget "FakeNFTUITests" */ = {
			isa = XCConfigurationList;
			buildConfigurations = (
				3F6806C429CBBAF200B4F915 /* Debug */,
				3F6806C529CBBAF200B4F915 /* Release */,
			);
			defaultConfigurationIsVisible = 0;
			defaultConfigurationName = Release;
		};
/* End XCConfigurationList section */

/* Begin XCRemoteSwiftPackageReference section */
		F4E985102EF0AC13008A90E4 /* XCRemoteSwiftPackageReference "Kingfisher" */ = {
			isa = XCRemoteSwiftPackageReference;
			repositoryURL = "https://github.com/onevcat/Kingfisher";
			requirement = {
				kind = upToNextMajorVersion;
				minimumVersion = 7.0.0;
			};
		};
		F4E985112EF0AC75008A90E4 /* XCRemoteSwiftPackageReference "ProgressHUD" */ = {
			isa = XCRemoteSwiftPackageReference;
			repositoryURL = "https://github.com/relatedcode/ProgressHUD";
			requirement = {
				kind = upToNextMajorVersion;
				minimumVersion = 13.0.0;
			};
		};
/* End XCRemoteSwiftPackageReference section */

/* Begin XCSwiftPackageProductDependency section */
		F4E985122EF0AC75008A90E4 /* ProgressHUD */ = {
			isa = XCSwiftPackageProductDependency;
			package = F4E985112EF0AC75008A90E4 /* XCRemoteSwiftPackageReference "ProgressHUD" */;
			productName = ProgressHUD;
		};
		F4E985152EF0AC9C008A90E4 /* Kingfisher */ = {
			isa = XCSwiftPackageProductDependency;
			package = F4E985102EF0AC13008A90E4 /* XCRemoteSwiftPackageReference "Kingfisher" */;
			productName = Kingfisher;
		};
/* End XCSwiftPackageProductDependency section */
	};
	rootObject = 3F68068B29CBBAF100B4F915 /* Project object */;
}
